// !$*UTF8*$!
{
	archiveVersion = 1;
	classes = {
	};
	objectVersion = 46;
	objects = {

/* Begin PBXBuildFile section */
		300CAE771F4A854F00BB967E /* main.m in Sources */ = {isa = PBXBuildFile; fileRef = 300CAE761F4A854F00BB967E /* main.m */; };
		300CAE821F4A854F00BB967E /* Assets.xcassets in Resources */ = {isa = PBXBuildFile; fileRef = 300CAE811F4A854F00BB967E /* Assets.xcassets */; };
		300CAE851F4A854F00BB967E /* LaunchScreen.storyboard in Resources */ = {isa = PBXBuildFile; fileRef = 300CAE831F4A854F00BB967E /* LaunchScreen.storyboard */; };
		300CAE901F4A854F00BB967E /* _____Tests.m in Sources */ = {isa = PBXBuildFile; fileRef = 300CAE8F1F4A854F00BB967E /* _____Tests.m */; };
		300CAE9B1F4A854F00BB967E /* _____UITests.m in Sources */ = {isa = PBXBuildFile; fileRef = 300CAE9A1F4A854F00BB967E /* _____UITests.m */; };
		300CAEBC1F4A8EF700BB967E /* AppDelegate.m in Sources */ = {isa = PBXBuildFile; fileRef = 300CAEAC1F4A8EF700BB967E /* AppDelegate.m */; };
		300CAED41F4AA57B00BB967E /* EVSBaseController.m in Sources */ = {isa = PBXBuildFile; fileRef = 300CAED31F4AA57B00BB967E /* EVSBaseController.m */; };
		300CAED71F4AA5A000BB967E /* EVSNavgationController.m in Sources */ = {isa = PBXBuildFile; fileRef = 300CAED61F4AA5A000BB967E /* EVSNavgationController.m */; };
		300CAEDC1F4AA93C00BB967E /* EVSHomeController.m in Sources */ = {isa = PBXBuildFile; fileRef = 300CAEDB1F4AA93C00BB967E /* EVSHomeController.m */; };
		300CAEDF1F4AA9AD00BB967E /* LX_CustomNavBarView.m in Sources */ = {isa = PBXBuildFile; fileRef = 300CAEDE1F4AA9AD00BB967E /* LX_CustomNavBarView.m */; };
		3065544C1F5522BF00427638 /* EVSRefreshHeader.m in Sources */ = {isa = PBXBuildFile; fileRef = 3065544B1F5522BF00427638 /* EVSRefreshHeader.m */; };
		3065544F1F5522F900427638 /* EVSRefreshFooter.m in Sources */ = {isa = PBXBuildFile; fileRef = 3065544E1F5522F900427638 /* EVSRefreshFooter.m */; };
		306554521F552D1400427638 /* EVSHomeVideoCell.m in Sources */ = {isa = PBXBuildFile; fileRef = 306554511F552D1400427638 /* EVSHomeVideoCell.m */; };
		306554551F552E5300427638 /* EVSCommonButton.m in Sources */ = {isa = PBXBuildFile; fileRef = 306554541F552E5300427638 /* EVSCommonButton.m */; };
		3B0A0C8D2DE927E4808FE470 /* libPods-英语短视频.a in Frameworks */ = {isa = PBXBuildFile; fileRef = 01AFB97D9427A6EE41B3EE99 /* libPods-英语短视频.a */; };
		3C18C19E1F599B81003E7D27 /* EVSearchViewController.m in Sources */ = {isa = PBXBuildFile; fileRef = 3C18C19D1F599B81003E7D27 /* EVSearchViewController.m */; };
		3C2A3F921F5A87AE00CB8557 /* LXShareImage.bundle in Resources */ = {isa = PBXBuildFile; fileRef = 3C2A3F911F5A87AE00CB8557 /* LXShareImage.bundle */; };
		3C2A3F951F5A880000CB8557 /* LXShareItem.m in Sources */ = {isa = PBXBuildFile; fileRef = 3C2A3F941F5A880000CB8557 /* LXShareItem.m */; };
		3C2A3F981F5A882200CB8557 /* LXShareItemCell.m in Sources */ = {isa = PBXBuildFile; fileRef = 3C2A3F971F5A882200CB8557 /* LXShareItemCell.m */; };
		3C2A3F9B1F5A883400CB8557 /* LXShareView.m in Sources */ = {isa = PBXBuildFile; fileRef = 3C2A3F9A1F5A883400CB8557 /* LXShareView.m */; };
		3C2A3FA11F5A8BFC00CB8557 /* UIGestureRecognizer+Extention.m in Sources */ = {isa = PBXBuildFile; fileRef = 3C2A3FA01F5A8BFC00CB8557 /* UIGestureRecognizer+Extention.m */; };
		3C2A3FA41F5ECCE000CB8557 /* EVSPlayVideoDetailController.m in Sources */ = {isa = PBXBuildFile; fileRef = 3C2A3FA31F5ECCE000CB8557 /* EVSPlayVideoDetailController.m */; };
		3C2A3FA71F5ED60B00CB8557 /* EVSVideoInfoTitleCell.m in Sources */ = {isa = PBXBuildFile; fileRef = 3C2A3FA61F5ED60B00CB8557 /* EVSVideoInfoTitleCell.m */; };
		3C2A3FAA1F5ED71F00CB8557 /* UILabel+Extention.m in Sources */ = {isa = PBXBuildFile; fileRef = 3C2A3FA91F5ED71F00CB8557 /* UILabel+Extention.m */; };
		3C2A3FAE1F5EE15B00CB8557 /* EVSRecommendVideoCell.m in Sources */ = {isa = PBXBuildFile; fileRef = 3C2A3FAC1F5EE15B00CB8557 /* EVSRecommendVideoCell.m */; };
		3C2A3FAF1F5EE15B00CB8557 /* EVSRecommendVideoCell.xib in Resources */ = {isa = PBXBuildFile; fileRef = 3C2A3FAD1F5EE15B00CB8557 /* EVSRecommendVideoCell.xib */; };
		3C49A61C1F4C652F0073CBEA /* EVSMineController.m in Sources */ = {isa = PBXBuildFile; fileRef = 3C49A61B1F4C652F0073CBEA /* EVSMineController.m */; };
		3C49A61F1F4C6DFA0073CBEA /* EVS_MineCell.m in Sources */ = {isa = PBXBuildFile; fileRef = 3C49A61E1F4C6DFA0073CBEA /* EVS_MineCell.m */; };
		3C94040C1F52A3B7008E523F /* EVSMineHeadView.m in Sources */ = {isa = PBXBuildFile; fileRef = 3C94040B1F52A3B7008E523F /* EVSMineHeadView.m */; };
		3C94040F1F52A56B008E523F /* EVSUserLoginView.m in Sources */ = {isa = PBXBuildFile; fileRef = 3C94040E1F52A56B008E523F /* EVSUserLoginView.m */; };
		3C9404121F52A582008E523F /* EVSUserAlreadyLoginView.m in Sources */ = {isa = PBXBuildFile; fileRef = 3C9404111F52A582008E523F /* EVSUserAlreadyLoginView.m */; };
		3C9404151F52A62E008E523F /* EVSConst.m in Sources */ = {isa = PBXBuildFile; fileRef = 3C9404141F52A62E008E523F /* EVSConst.m */; };
		3C9404181F52A66F008E523F /* UIView+LXFrame.m in Sources */ = {isa = PBXBuildFile; fileRef = 3C9404171F52A66F008E523F /* UIView+LXFrame.m */; };
		3C94041B1F52A681008E523F /* UIImage+LX_Extend.m in Sources */ = {isa = PBXBuildFile; fileRef = 3C94041A1F52A681008E523F /* UIImage+LX_Extend.m */; };
		3C9404201F52A6A3008E523F /* MBProgressHUD+LX_Extention.m in Sources */ = {isa = PBXBuildFile; fileRef = 3C94041D1F52A6A3008E523F /* MBProgressHUD+LX_Extention.m */; };
		3C9404211F52A6A3008E523F /* UIViewController+LX_HUD.m in Sources */ = {isa = PBXBuildFile; fileRef = 3C94041F1F52A6A3008E523F /* UIViewController+LX_HUD.m */; };
		3C9404291F52A6F5008E523F /* NSArray+HYBUnicodeReadable.m in Sources */ = {isa = PBXBuildFile; fileRef = 3C9404241F52A6F5008E523F /* NSArray+HYBUnicodeReadable.m */; };
		3C94042A1F52A6F5008E523F /* NSDictionary+HYBUnicodeReadable.m in Sources */ = {isa = PBXBuildFile; fileRef = 3C9404261F52A6F5008E523F /* NSDictionary+HYBUnicodeReadable.m */; };
		3C94042B1F52A6F5008E523F /* NSSet+HYBUnicodeReadable.m in Sources */ = {isa = PBXBuildFile; fileRef = 3C9404281F52A6F5008E523F /* NSSet+HYBUnicodeReadable.m */; };
		3C9404381F5302CE008E523F /* UIView+Frame.m in Sources */ = {isa = PBXBuildFile; fileRef = 3C9404301F5302CE008E523F /* UIView+Frame.m */; };
		3C9404391F5302CE008E523F /* YZDisplayTitleLabel.m in Sources */ = {isa = PBXBuildFile; fileRef = 3C9404321F5302CE008E523F /* YZDisplayTitleLabel.m */; };
		3C94043A1F5302CE008E523F /* YZDisplayViewController.m in Sources */ = {isa = PBXBuildFile; fileRef = 3C9404341F5302CE008E523F /* YZDisplayViewController.m */; };
		3C94043B1F5302CE008E523F /* YZFlowLayout.m in Sources */ = {isa = PBXBuildFile; fileRef = 3C9404371F5302CE008E523F /* YZFlowLayout.m */; };
		3C94043E1F530590008E523F /* EVSBaseListController.m in Sources */ = {isa = PBXBuildFile; fileRef = 3C94043D1F530590008E523F /* EVSBaseListController.m */; };
		3C94044A1F571121008E523F /* FastForwardView.m in Sources */ = {isa = PBXBuildFile; fileRef = 3C9404431F571121008E523F /* FastForwardView.m */; };
		3C94044B1F571121008E523F /* FastForwardView.xib in Resources */ = {isa = PBXBuildFile; fileRef = 3C9404441F571121008E523F /* FastForwardView.xib */; };
		3C94044C1F571121008E523F /* WMLightView.m in Sources */ = {isa = PBXBuildFile; fileRef = 3C9404461F571121008E523F /* WMLightView.m */; };
		3C94044D1F571121008E523F /* WMPlayer.bundle in Resources */ = {isa = PBXBuildFile; fileRef = 3C9404471F571121008E523F /* WMPlayer.bundle */; };
		3C94044E1F571121008E523F /* WMPlayer.m in Sources */ = {isa = PBXBuildFile; fileRef = 3C9404491F571121008E523F /* WMPlayer.m */; };
		3C9404601F585396008E523F /* SVIndefiniteAnimatedView.m in Sources */ = {isa = PBXBuildFile; fileRef = 3C94045B1F585396008E523F /* SVIndefiniteAnimatedView.m */; };
		3C9404611F585396008E523F /* SVProgressHUD.bundle in Resources */ = {isa = PBXBuildFile; fileRef = 3C94045D1F585396008E523F /* SVProgressHUD.bundle */; };
		3C9404621F585396008E523F /* SVProgressHUD.m in Sources */ = {isa = PBXBuildFile; fileRef = 3C94045F1F585396008E523F /* SVProgressHUD.m */; };
		3C94046B1F58566F008E523F /* LXNetworkHandler.m in Sources */ = {isa = PBXBuildFile; fileRef = 3C9404661F58566F008E523F /* LXNetworkHandler.m */; };
		3C94046C1F58566F008E523F /* LXNetworkItem.m in Sources */ = {isa = PBXBuildFile; fileRef = 3C9404681F58566F008E523F /* LXNetworkItem.m */; };
		3C94046D1F58566F008E523F /* LXUnityclass.m in Sources */ = {isa = PBXBuildFile; fileRef = 3C94046A1F58566F008E523F /* LXUnityclass.m */; };
		3C9404711F585760008E523F /* LXQiniuUploadManger.m in Sources */ = {isa = PBXBuildFile; fileRef = 3C9404701F585760008E523F /* LXQiniuUploadManger.m */; };
		3C9404741F5857B9008E523F /* LXUploadTool.m in Sources */ = {isa = PBXBuildFile; fileRef = 3C9404731F5857B8008E523F /* LXUploadTool.m */; };
		3CFC4DC11F6B502F00A8B5CC /* EVSForgetPassWordController.m in Sources */ = {isa = PBXBuildFile; fileRef = 3CFC4DB61F6B502F00A8B5CC /* EVSForgetPassWordController.m */; };
		3CFC4DC21F6B502F00A8B5CC /* EVSForgetPassWordController.xib in Resources */ = {isa = PBXBuildFile; fileRef = 3CFC4DB71F6B502F00A8B5CC /* EVSForgetPassWordController.xib */; };
		3CFC4DC31F6B502F00A8B5CC /* EVSLoginControllerViewController.m in Sources */ = {isa = PBXBuildFile; fileRef = 3CFC4DB91F6B502F00A8B5CC /* EVSLoginControllerViewController.m */; };
		3CFC4DC41F6B502F00A8B5CC /* EVSLoginControllerViewController.xib in Resources */ = {isa = PBXBuildFile; fileRef = 3CFC4DBA1F6B502F00A8B5CC /* EVSLoginControllerViewController.xib */; };
		3CFC4DC51F6B502F00A8B5CC /* EVSRegisterNextViewController.m in Sources */ = {isa = PBXBuildFile; fileRef = 3CFC4DBC1F6B502F00A8B5CC /* EVSRegisterNextViewController.m */; };
		3CFC4DC61F6B502F00A8B5CC /* EVSRegisterNextViewController.xib in Resources */ = {isa = PBXBuildFile; fileRef = 3CFC4DBD1F6B502F00A8B5CC /* EVSRegisterNextViewController.xib */; };
		3CFC4DC71F6B502F00A8B5CC /* EVSRegisterViewController.m in Sources */ = {isa = PBXBuildFile; fileRef = 3CFC4DBF1F6B502F00A8B5CC /* EVSRegisterViewController.m */; };
		3CFC4DC81F6B502F00A8B5CC /* EVSRegisterViewController.xib in Resources */ = {isa = PBXBuildFile; fileRef = 3CFC4DC01F6B502F00A8B5CC /* EVSRegisterViewController.xib */; };
		3CFC4DCB1F6B503B00A8B5CC /* EVSGetIdentifyCodeButton.m in Sources */ = {isa = PBXBuildFile; fileRef = 3CFC4DCA1F6B503B00A8B5CC /* EVSGetIdentifyCodeButton.m */; };
		3CFC4DCE1F6C1DAA00A8B5CC /* EVSUserInfoViewController.m in Sources */ = {isa = PBXBuildFile; fileRef = 3CFC4DCD1F6C1DAA00A8B5CC /* EVSUserInfoViewController.m */; };
		3CFC4DD21F6C20A200A8B5CC /* EVSUserInfoVideoCell.m in Sources */ = {isa = PBXBuildFile; fileRef = 3CFC4DD01F6C20A200A8B5CC /* EVSUserInfoVideoCell.m */; };
		3CFC4DD31F6C20A200A8B5CC /* EVSUserInfoVideoCell.xib in Resources */ = {isa = PBXBuildFile; fileRef = 3CFC4DD11F6C20A200A8B5CC /* EVSUserInfoVideoCell.xib */; };
		3CFC4DD61F6CBBD100A8B5CC /* EVSUserInfoHeadView.m in Sources */ = {isa = PBXBuildFile; fileRef = 3CFC4DD51F6CBBD100A8B5CC /* EVSUserInfoHeadView.m */; };
		3CFC4DD91F6D03FA00A8B5CC /* EVSCustomTwoLineView.m in Sources */ = {isa = PBXBuildFile; fileRef = 3CFC4DD81F6D03FA00A8B5CC /* EVSCustomTwoLineView.m */; };
		3CFC4DDD1F6D2ED400A8B5CC /* AppConfig.m in Sources */ = {isa = PBXBuildFile; fileRef = 3CFC4DDC1F6D2ED400A8B5CC /* AppConfig.m */; };
		3CFC4DE01F6D31A400A8B5CC /* EVSFansListController.m in Sources */ = {isa = PBXBuildFile; fileRef = 3CFC4DDF1F6D31A400A8B5CC /* EVSFansListController.m */; };
		3CFC4DE41F6D32CC00A8B5CC /* EVSFansOrAttentionCell.m in Sources */ = {isa = PBXBuildFile; fileRef = 3CFC4DE21F6D32CC00A8B5CC /* EVSFansOrAttentionCell.m */; };
		3CFC4DE51F6D32CC00A8B5CC /* EVSFansOrAttentionCell.xib in Resources */ = {isa = PBXBuildFile; fileRef = 3CFC4DE31F6D32CC00A8B5CC /* EVSFansOrAttentionCell.xib */; };
		3CFC4DE81F6D386600A8B5CC /* EVSAttentionListController.m in Sources */ = {isa = PBXBuildFile; fileRef = 3CFC4DE71F6D386600A8B5CC /* EVSAttentionListController.m */; };
		3CFC4DEB1F6EBA6000A8B5CC /* LX_Actionsheet.m in Sources */ = {isa = PBXBuildFile; fileRef = 3CFC4DEA1F6EBA6000A8B5CC /* LX_Actionsheet.m */; };
		3CFC4DEE1F6EBDD500A8B5CC /* EVSUserVideoListController.m in Sources */ = {isa = PBXBuildFile; fileRef = 3CFC4DED1F6EBDD500A8B5CC /* EVSUserVideoListController.m */; };
		B9DC5A8CC7AE5692257DE02F /* libPods-英语短视频UITests.a in Frameworks */ = {isa = PBXBuildFile; fileRef = AB97A8399A98E576208E0524 /* libPods-英语短视频UITests.a */; };
		BCEBC3CDB90707828A53E326 /* libPods-英语短视频Tests.a in Frameworks */ = {isa = PBXBuildFile; fileRef = 7D80232750A920C7EAC78F20 /* libPods-英语短视频Tests.a */; };
/* End PBXBuildFile section */

/* Begin PBXContainerItemProxy section */
		300CAE8C1F4A854F00BB967E /* PBXContainerItemProxy */ = {
			isa = PBXContainerItemProxy;
			containerPortal = 300CAE6A1F4A854F00BB967E /* Project object */;
			proxyType = 1;
			remoteGlobalIDString = 300CAE711F4A854F00BB967E;
			remoteInfo = "英语短视频";
		};
		300CAE971F4A854F00BB967E /* PBXContainerItemProxy */ = {
			isa = PBXContainerItemProxy;
			containerPortal = 300CAE6A1F4A854F00BB967E /* Project object */;
			proxyType = 1;
			remoteGlobalIDString = 300CAE711F4A854F00BB967E;
			remoteInfo = "英语短视频";
		};
/* End PBXContainerItemProxy section */

/* Begin PBXFileReference section */
		01AFB97D9427A6EE41B3EE99 /* libPods-英语短视频.a */ = {isa = PBXFileReference; explicitFileType = archive.ar; includeInIndex = 0; path = "libPods-英语短视频.a"; sourceTree = BUILT_PRODUCTS_DIR; };
		02553FAA982E195D7848E954 /* Pods-英语短视频.debug.xcconfig */ = {isa = PBXFileReference; includeInIndex = 1; lastKnownFileType = text.xcconfig; name = "Pods-英语短视频.debug.xcconfig"; path = "Pods/Target Support Files/Pods-英语短视频/Pods-英语短视频.debug.xcconfig"; sourceTree = "<group>"; };
		08DC68B0BBC67D23133894C1 /* Pods-英语短视频Tests.release.xcconfig */ = {isa = PBXFileReference; includeInIndex = 1; lastKnownFileType = text.xcconfig; name = "Pods-英语短视频Tests.release.xcconfig"; path = "Pods/Target Support Files/Pods-英语短视频Tests/Pods-英语短视频Tests.release.xcconfig"; sourceTree = "<group>"; };
		2EEE5FDFD7A7A965DCEBE461 /* Pods-英语短视频.release.xcconfig */ = {isa = PBXFileReference; includeInIndex = 1; lastKnownFileType = text.xcconfig; name = "Pods-英语短视频.release.xcconfig"; path = "Pods/Target Support Files/Pods-英语短视频/Pods-英语短视频.release.xcconfig"; sourceTree = "<group>"; };
		300CAE721F4A854F00BB967E /* 英语短视频.app */ = {isa = PBXFileReference; explicitFileType = wrapper.application; includeInIndex = 0; path = "英语短视频.app"; sourceTree = BUILT_PRODUCTS_DIR; };
		300CAE761F4A854F00BB967E /* main.m */ = {isa = PBXFileReference; lastKnownFileType = sourcecode.c.objc; path = main.m; sourceTree = "<group>"; };
		300CAE811F4A854F00BB967E /* Assets.xcassets */ = {isa = PBXFileReference; lastKnownFileType = folder.assetcatalog; path = Assets.xcassets; sourceTree = "<group>"; };
		300CAE841F4A854F00BB967E /* Base */ = {isa = PBXFileReference; lastKnownFileType = file.storyboard; name = Base; path = Base.lproj/LaunchScreen.storyboard; sourceTree = "<group>"; };
		300CAE861F4A854F00BB967E /* Info.plist */ = {isa = PBXFileReference; lastKnownFileType = text.plist.xml; path = Info.plist; sourceTree = "<group>"; };
		300CAE8B1F4A854F00BB967E /* 英语短视频Tests.xctest */ = {isa = PBXFileReference; explicitFileType = wrapper.cfbundle; includeInIndex = 0; path = "英语短视频Tests.xctest"; sourceTree = BUILT_PRODUCTS_DIR; };
		300CAE8F1F4A854F00BB967E /* _____Tests.m */ = {isa = PBXFileReference; lastKnownFileType = sourcecode.c.objc; path = "_____Tests.m"; sourceTree = "<group>"; };
		300CAE911F4A854F00BB967E /* Info.plist */ = {isa = PBXFileReference; lastKnownFileType = text.plist.xml; path = Info.plist; sourceTree = "<group>"; };
		300CAE961F4A854F00BB967E /* 英语短视频UITests.xctest */ = {isa = PBXFileReference; explicitFileType = wrapper.cfbundle; includeInIndex = 0; path = "英语短视频UITests.xctest"; sourceTree = BUILT_PRODUCTS_DIR; };
		300CAE9A1F4A854F00BB967E /* _____UITests.m */ = {isa = PBXFileReference; lastKnownFileType = sourcecode.c.objc; path = "_____UITests.m"; sourceTree = "<group>"; };
		300CAE9C1F4A854F00BB967E /* Info.plist */ = {isa = PBXFileReference; lastKnownFileType = text.plist.xml; path = Info.plist; sourceTree = "<group>"; };
		300CAEA81F4A861C00BB967E /* English_PrefixHeader.pch */ = {isa = PBXFileReference; lastKnownFileType = sourcecode.c.h; path = English_PrefixHeader.pch; sourceTree = "<group>"; };
		300CAEAB1F4A8EF700BB967E /* AppDelegate.h */ = {isa = PBXFileReference; fileEncoding = 4; lastKnownFileType = sourcecode.c.h; path = AppDelegate.h; sourceTree = "<group>"; };
		300CAEAC1F4A8EF700BB967E /* AppDelegate.m */ = {isa = PBXFileReference; fileEncoding = 4; lastKnownFileType = sourcecode.c.objc; path = AppDelegate.m; sourceTree = "<group>"; };
		300CAED21F4AA57B00BB967E /* EVSBaseController.h */ = {isa = PBXFileReference; fileEncoding = 4; lastKnownFileType = sourcecode.c.h; path = EVSBaseController.h; sourceTree = "<group>"; };
		300CAED31F4AA57B00BB967E /* EVSBaseController.m */ = {isa = PBXFileReference; fileEncoding = 4; lastKnownFileType = sourcecode.c.objc; path = EVSBaseController.m; sourceTree = "<group>"; };
		300CAED51F4AA5A000BB967E /* EVSNavgationController.h */ = {isa = PBXFileReference; fileEncoding = 4; lastKnownFileType = sourcecode.c.h; path = EVSNavgationController.h; sourceTree = "<group>"; };
		300CAED61F4AA5A000BB967E /* EVSNavgationController.m */ = {isa = PBXFileReference; fileEncoding = 4; lastKnownFileType = sourcecode.c.objc; path = EVSNavgationController.m; sourceTree = "<group>"; };
		300CAED81F4AA76D00BB967E /* EVS_Macro.h */ = {isa = PBXFileReference; lastKnownFileType = sourcecode.c.h; path = EVS_Macro.h; sourceTree = "<group>"; };
		300CAED91F4AA7A200BB967E /* EVS_DefineUrl.h */ = {isa = PBXFileReference; lastKnownFileType = sourcecode.c.h; path = EVS_DefineUrl.h; sourceTree = "<group>"; };
		300CAEDA1F4AA93C00BB967E /* EVSHomeController.h */ = {isa = PBXFileReference; fileEncoding = 4; lastKnownFileType = sourcecode.c.h; path = EVSHomeController.h; sourceTree = "<group>"; };
		300CAEDB1F4AA93C00BB967E /* EVSHomeController.m */ = {isa = PBXFileReference; fileEncoding = 4; lastKnownFileType = sourcecode.c.objc; path = EVSHomeController.m; sourceTree = "<group>"; };
		300CAEDD1F4AA9AD00BB967E /* LX_CustomNavBarView.h */ = {isa = PBXFileReference; fileEncoding = 4; lastKnownFileType = sourcecode.c.h; path = LX_CustomNavBarView.h; sourceTree = "<group>"; };
		300CAEDE1F4AA9AD00BB967E /* LX_CustomNavBarView.m */ = {isa = PBXFileReference; fileEncoding = 4; lastKnownFileType = sourcecode.c.objc; path = LX_CustomNavBarView.m; sourceTree = "<group>"; };
		3065544A1F5522BF00427638 /* EVSRefreshHeader.h */ = {isa = PBXFileReference; fileEncoding = 4; lastKnownFileType = sourcecode.c.h; path = EVSRefreshHeader.h; sourceTree = "<group>"; };
		3065544B1F5522BF00427638 /* EVSRefreshHeader.m */ = {isa = PBXFileReference; fileEncoding = 4; lastKnownFileType = sourcecode.c.objc; path = EVSRefreshHeader.m; sourceTree = "<group>"; };
		3065544D1F5522F900427638 /* EVSRefreshFooter.h */ = {isa = PBXFileReference; fileEncoding = 4; lastKnownFileType = sourcecode.c.h; path = EVSRefreshFooter.h; sourceTree = "<group>"; };
		3065544E1F5522F900427638 /* EVSRefreshFooter.m */ = {isa = PBXFileReference; fileEncoding = 4; lastKnownFileType = sourcecode.c.objc; path = EVSRefreshFooter.m; sourceTree = "<group>"; };
		306554501F552D1400427638 /* EVSHomeVideoCell.h */ = {isa = PBXFileReference; fileEncoding = 4; lastKnownFileType = sourcecode.c.h; path = EVSHomeVideoCell.h; sourceTree = "<group>"; };
		306554511F552D1400427638 /* EVSHomeVideoCell.m */ = {isa = PBXFileReference; fileEncoding = 4; lastKnownFileType = sourcecode.c.objc; path = EVSHomeVideoCell.m; sourceTree = "<group>"; };
		306554531F552E5300427638 /* EVSCommonButton.h */ = {isa = PBXFileReference; fileEncoding = 4; lastKnownFileType = sourcecode.c.h; path = EVSCommonButton.h; sourceTree = "<group>"; };
		306554541F552E5300427638 /* EVSCommonButton.m */ = {isa = PBXFileReference; fileEncoding = 4; lastKnownFileType = sourcecode.c.objc; path = EVSCommonButton.m; sourceTree = "<group>"; };
		3C18C19C1F599B81003E7D27 /* EVSearchViewController.h */ = {isa = PBXFileReference; fileEncoding = 4; lastKnownFileType = sourcecode.c.h; path = EVSearchViewController.h; sourceTree = "<group>"; };
		3C18C19D1F599B81003E7D27 /* EVSearchViewController.m */ = {isa = PBXFileReference; fileEncoding = 4; lastKnownFileType = sourcecode.c.objc; path = EVSearchViewController.m; sourceTree = "<group>"; };
		3C2A3F911F5A87AE00CB8557 /* LXShareImage.bundle */ = {isa = PBXFileReference; lastKnownFileType = "wrapper.plug-in"; path = LXShareImage.bundle; sourceTree = "<group>"; };
		3C2A3F931F5A880000CB8557 /* LXShareItem.h */ = {isa = PBXFileReference; fileEncoding = 4; lastKnownFileType = sourcecode.c.h; path = LXShareItem.h; sourceTree = "<group>"; };
		3C2A3F941F5A880000CB8557 /* LXShareItem.m */ = {isa = PBXFileReference; fileEncoding = 4; lastKnownFileType = sourcecode.c.objc; path = LXShareItem.m; sourceTree = "<group>"; };
		3C2A3F961F5A882200CB8557 /* LXShareItemCell.h */ = {isa = PBXFileReference; fileEncoding = 4; lastKnownFileType = sourcecode.c.h; path = LXShareItemCell.h; sourceTree = "<group>"; };
		3C2A3F971F5A882200CB8557 /* LXShareItemCell.m */ = {isa = PBXFileReference; fileEncoding = 4; lastKnownFileType = sourcecode.c.objc; path = LXShareItemCell.m; sourceTree = "<group>"; };
		3C2A3F991F5A883400CB8557 /* LXShareView.h */ = {isa = PBXFileReference; fileEncoding = 4; lastKnownFileType = sourcecode.c.h; path = LXShareView.h; sourceTree = "<group>"; };
		3C2A3F9A1F5A883400CB8557 /* LXShareView.m */ = {isa = PBXFileReference; fileEncoding = 4; lastKnownFileType = sourcecode.c.objc; path = LXShareView.m; sourceTree = "<group>"; };
		3C2A3F9F1F5A8BFC00CB8557 /* UIGestureRecognizer+Extention.h */ = {isa = PBXFileReference; fileEncoding = 4; lastKnownFileType = sourcecode.c.h; path = "UIGestureRecognizer+Extention.h"; sourceTree = "<group>"; };
		3C2A3FA01F5A8BFC00CB8557 /* UIGestureRecognizer+Extention.m */ = {isa = PBXFileReference; fileEncoding = 4; lastKnownFileType = sourcecode.c.objc; path = "UIGestureRecognizer+Extention.m"; sourceTree = "<group>"; };
		3C2A3FA21F5ECCE000CB8557 /* EVSPlayVideoDetailController.h */ = {isa = PBXFileReference; fileEncoding = 4; lastKnownFileType = sourcecode.c.h; path = EVSPlayVideoDetailController.h; sourceTree = "<group>"; };
		3C2A3FA31F5ECCE000CB8557 /* EVSPlayVideoDetailController.m */ = {isa = PBXFileReference; fileEncoding = 4; lastKnownFileType = sourcecode.c.objc; path = EVSPlayVideoDetailController.m; sourceTree = "<group>"; };
		3C2A3FA51F5ED60B00CB8557 /* EVSVideoInfoTitleCell.h */ = {isa = PBXFileReference; fileEncoding = 4; lastKnownFileType = sourcecode.c.h; path = EVSVideoInfoTitleCell.h; sourceTree = "<group>"; };
		3C2A3FA61F5ED60B00CB8557 /* EVSVideoInfoTitleCell.m */ = {isa = PBXFileReference; fileEncoding = 4; lastKnownFileType = sourcecode.c.objc; path = EVSVideoInfoTitleCell.m; sourceTree = "<group>"; };
		3C2A3FA81F5ED71F00CB8557 /* UILabel+Extention.h */ = {isa = PBXFileReference; fileEncoding = 4; lastKnownFileType = sourcecode.c.h; path = "UILabel+Extention.h"; sourceTree = "<group>"; };
		3C2A3FA91F5ED71F00CB8557 /* UILabel+Extention.m */ = {isa = PBXFileReference; fileEncoding = 4; lastKnownFileType = sourcecode.c.objc; path = "UILabel+Extention.m"; sourceTree = "<group>"; };
		3C2A3FAB1F5EE15B00CB8557 /* EVSRecommendVideoCell.h */ = {isa = PBXFileReference; fileEncoding = 4; lastKnownFileType = sourcecode.c.h; path = EVSRecommendVideoCell.h; sourceTree = "<group>"; };
		3C2A3FAC1F5EE15B00CB8557 /* EVSRecommendVideoCell.m */ = {isa = PBXFileReference; fileEncoding = 4; lastKnownFileType = sourcecode.c.objc; path = EVSRecommendVideoCell.m; sourceTree = "<group>"; };
		3C2A3FAD1F5EE15B00CB8557 /* EVSRecommendVideoCell.xib */ = {isa = PBXFileReference; fileEncoding = 4; lastKnownFileType = file.xib; path = EVSRecommendVideoCell.xib; sourceTree = "<group>"; };
		3C49A61A1F4C652F0073CBEA /* EVSMineController.h */ = {isa = PBXFileReference; fileEncoding = 4; lastKnownFileType = sourcecode.c.h; path = EVSMineController.h; sourceTree = "<group>"; };
		3C49A61B1F4C652F0073CBEA /* EVSMineController.m */ = {isa = PBXFileReference; fileEncoding = 4; lastKnownFileType = sourcecode.c.objc; path = EVSMineController.m; sourceTree = "<group>"; };
		3C49A61D1F4C6DFA0073CBEA /* EVS_MineCell.h */ = {isa = PBXFileReference; fileEncoding = 4; lastKnownFileType = sourcecode.c.h; path = EVS_MineCell.h; sourceTree = "<group>"; };
		3C49A61E1F4C6DFA0073CBEA /* EVS_MineCell.m */ = {isa = PBXFileReference; fileEncoding = 4; lastKnownFileType = sourcecode.c.objc; path = EVS_MineCell.m; sourceTree = "<group>"; };
		3C94040A1F52A3B7008E523F /* EVSMineHeadView.h */ = {isa = PBXFileReference; fileEncoding = 4; lastKnownFileType = sourcecode.c.h; path = EVSMineHeadView.h; sourceTree = "<group>"; };
		3C94040B1F52A3B7008E523F /* EVSMineHeadView.m */ = {isa = PBXFileReference; fileEncoding = 4; lastKnownFileType = sourcecode.c.objc; path = EVSMineHeadView.m; sourceTree = "<group>"; };
		3C94040D1F52A56B008E523F /* EVSUserLoginView.h */ = {isa = PBXFileReference; fileEncoding = 4; lastKnownFileType = sourcecode.c.h; path = EVSUserLoginView.h; sourceTree = "<group>"; };
		3C94040E1F52A56B008E523F /* EVSUserLoginView.m */ = {isa = PBXFileReference; fileEncoding = 4; lastKnownFileType = sourcecode.c.objc; path = EVSUserLoginView.m; sourceTree = "<group>"; };
		3C9404101F52A582008E523F /* EVSUserAlreadyLoginView.h */ = {isa = PBXFileReference; fileEncoding = 4; lastKnownFileType = sourcecode.c.h; path = EVSUserAlreadyLoginView.h; sourceTree = "<group>"; };
		3C9404111F52A582008E523F /* EVSUserAlreadyLoginView.m */ = {isa = PBXFileReference; fileEncoding = 4; lastKnownFileType = sourcecode.c.objc; path = EVSUserAlreadyLoginView.m; sourceTree = "<group>"; };
		3C9404131F52A62E008E523F /* EVSConst.h */ = {isa = PBXFileReference; fileEncoding = 4; lastKnownFileType = sourcecode.c.h; path = EVSConst.h; sourceTree = "<group>"; };
		3C9404141F52A62E008E523F /* EVSConst.m */ = {isa = PBXFileReference; fileEncoding = 4; lastKnownFileType = sourcecode.c.objc; path = EVSConst.m; sourceTree = "<group>"; };
		3C9404161F52A66F008E523F /* UIView+LXFrame.h */ = {isa = PBXFileReference; fileEncoding = 4; lastKnownFileType = sourcecode.c.h; path = "UIView+LXFrame.h"; sourceTree = "<group>"; };
		3C9404171F52A66F008E523F /* UIView+LXFrame.m */ = {isa = PBXFileReference; fileEncoding = 4; lastKnownFileType = sourcecode.c.objc; path = "UIView+LXFrame.m"; sourceTree = "<group>"; };
		3C9404191F52A681008E523F /* UIImage+LX_Extend.h */ = {isa = PBXFileReference; fileEncoding = 4; lastKnownFileType = sourcecode.c.h; path = "UIImage+LX_Extend.h"; sourceTree = "<group>"; };
		3C94041A1F52A681008E523F /* UIImage+LX_Extend.m */ = {isa = PBXFileReference; fileEncoding = 4; lastKnownFileType = sourcecode.c.objc; path = "UIImage+LX_Extend.m"; sourceTree = "<group>"; };
		3C94041C1F52A6A3008E523F /* MBProgressHUD+LX_Extention.h */ = {isa = PBXFileReference; fileEncoding = 4; lastKnownFileType = sourcecode.c.h; path = "MBProgressHUD+LX_Extention.h"; sourceTree = "<group>"; };
		3C94041D1F52A6A3008E523F /* MBProgressHUD+LX_Extention.m */ = {isa = PBXFileReference; fileEncoding = 4; lastKnownFileType = sourcecode.c.objc; path = "MBProgressHUD+LX_Extention.m"; sourceTree = "<group>"; };
		3C94041E1F52A6A3008E523F /* UIViewController+LX_HUD.h */ = {isa = PBXFileReference; fileEncoding = 4; lastKnownFileType = sourcecode.c.h; path = "UIViewController+LX_HUD.h"; sourceTree = "<group>"; };
		3C94041F1F52A6A3008E523F /* UIViewController+LX_HUD.m */ = {isa = PBXFileReference; fileEncoding = 4; lastKnownFileType = sourcecode.c.objc; path = "UIViewController+LX_HUD.m"; sourceTree = "<group>"; };
		3C9404231F52A6F5008E523F /* NSArray+HYBUnicodeReadable.h */ = {isa = PBXFileReference; fileEncoding = 4; lastKnownFileType = sourcecode.c.h; path = "NSArray+HYBUnicodeReadable.h"; sourceTree = "<group>"; };
		3C9404241F52A6F5008E523F /* NSArray+HYBUnicodeReadable.m */ = {isa = PBXFileReference; fileEncoding = 4; lastKnownFileType = sourcecode.c.objc; path = "NSArray+HYBUnicodeReadable.m"; sourceTree = "<group>"; };
		3C9404251F52A6F5008E523F /* NSDictionary+HYBUnicodeReadable.h */ = {isa = PBXFileReference; fileEncoding = 4; lastKnownFileType = sourcecode.c.h; path = "NSDictionary+HYBUnicodeReadable.h"; sourceTree = "<group>"; };
		3C9404261F52A6F5008E523F /* NSDictionary+HYBUnicodeReadable.m */ = {isa = PBXFileReference; fileEncoding = 4; lastKnownFileType = sourcecode.c.objc; path = "NSDictionary+HYBUnicodeReadable.m"; sourceTree = "<group>"; };
		3C9404271F52A6F5008E523F /* NSSet+HYBUnicodeReadable.h */ = {isa = PBXFileReference; fileEncoding = 4; lastKnownFileType = sourcecode.c.h; path = "NSSet+HYBUnicodeReadable.h"; sourceTree = "<group>"; };
		3C9404281F52A6F5008E523F /* NSSet+HYBUnicodeReadable.m */ = {isa = PBXFileReference; fileEncoding = 4; lastKnownFileType = sourcecode.c.objc; path = "NSSet+HYBUnicodeReadable.m"; sourceTree = "<group>"; };
		3C94042C1F52A897008E523F /* EVS_EnumDefines.h */ = {isa = PBXFileReference; lastKnownFileType = sourcecode.c.h; path = EVS_EnumDefines.h; sourceTree = "<group>"; };
		3C94042D1F52AFF7008E523F /* EVSMineHeadDelegate.h */ = {isa = PBXFileReference; lastKnownFileType = sourcecode.c.h; path = EVSMineHeadDelegate.h; sourceTree = "<group>"; };
		3C94042F1F5302CE008E523F /* UIView+Frame.h */ = {isa = PBXFileReference; fileEncoding = 4; lastKnownFileType = sourcecode.c.h; path = "UIView+Frame.h"; sourceTree = "<group>"; };
		3C9404301F5302CE008E523F /* UIView+Frame.m */ = {isa = PBXFileReference; fileEncoding = 4; lastKnownFileType = sourcecode.c.objc; path = "UIView+Frame.m"; sourceTree = "<group>"; };
		3C9404311F5302CE008E523F /* YZDisplayTitleLabel.h */ = {isa = PBXFileReference; fileEncoding = 4; lastKnownFileType = sourcecode.c.h; path = YZDisplayTitleLabel.h; sourceTree = "<group>"; };
		3C9404321F5302CE008E523F /* YZDisplayTitleLabel.m */ = {isa = PBXFileReference; fileEncoding = 4; lastKnownFileType = sourcecode.c.objc; path = YZDisplayTitleLabel.m; sourceTree = "<group>"; };
		3C9404331F5302CE008E523F /* YZDisplayViewController.h */ = {isa = PBXFileReference; fileEncoding = 4; lastKnownFileType = sourcecode.c.h; path = YZDisplayViewController.h; sourceTree = "<group>"; };
		3C9404341F5302CE008E523F /* YZDisplayViewController.m */ = {isa = PBXFileReference; fileEncoding = 4; lastKnownFileType = sourcecode.c.objc; path = YZDisplayViewController.m; sourceTree = "<group>"; };
		3C9404351F5302CE008E523F /* YZDisplayViewHeader.h */ = {isa = PBXFileReference; fileEncoding = 4; lastKnownFileType = sourcecode.c.h; path = YZDisplayViewHeader.h; sourceTree = "<group>"; };
		3C9404361F5302CE008E523F /* YZFlowLayout.h */ = {isa = PBXFileReference; fileEncoding = 4; lastKnownFileType = sourcecode.c.h; path = YZFlowLayout.h; sourceTree = "<group>"; };
		3C9404371F5302CE008E523F /* YZFlowLayout.m */ = {isa = PBXFileReference; fileEncoding = 4; lastKnownFileType = sourcecode.c.objc; path = YZFlowLayout.m; sourceTree = "<group>"; };
		3C94043C1F530590008E523F /* EVSBaseListController.h */ = {isa = PBXFileReference; fileEncoding = 4; lastKnownFileType = sourcecode.c.h; path = EVSBaseListController.h; sourceTree = "<group>"; };
		3C94043D1F530590008E523F /* EVSBaseListController.m */ = {isa = PBXFileReference; fileEncoding = 4; lastKnownFileType = sourcecode.c.objc; path = EVSBaseListController.m; sourceTree = "<group>"; };
		3C9404421F571121008E523F /* FastForwardView.h */ = {isa = PBXFileReference; fileEncoding = 4; lastKnownFileType = sourcecode.c.h; path = FastForwardView.h; sourceTree = "<group>"; };
		3C9404431F571121008E523F /* FastForwardView.m */ = {isa = PBXFileReference; fileEncoding = 4; lastKnownFileType = sourcecode.c.objc; path = FastForwardView.m; sourceTree = "<group>"; };
		3C9404441F571121008E523F /* FastForwardView.xib */ = {isa = PBXFileReference; fileEncoding = 4; lastKnownFileType = file.xib; path = FastForwardView.xib; sourceTree = "<group>"; };
		3C9404451F571121008E523F /* WMLightView.h */ = {isa = PBXFileReference; fileEncoding = 4; lastKnownFileType = sourcecode.c.h; path = WMLightView.h; sourceTree = "<group>"; };
		3C9404461F571121008E523F /* WMLightView.m */ = {isa = PBXFileReference; fileEncoding = 4; lastKnownFileType = sourcecode.c.objc; path = WMLightView.m; sourceTree = "<group>"; };
		3C9404471F571121008E523F /* WMPlayer.bundle */ = {isa = PBXFileReference; lastKnownFileType = "wrapper.plug-in"; path = WMPlayer.bundle; sourceTree = "<group>"; };
		3C9404481F571121008E523F /* WMPlayer.h */ = {isa = PBXFileReference; fileEncoding = 4; lastKnownFileType = sourcecode.c.h; path = WMPlayer.h; sourceTree = "<group>"; };
		3C9404491F571121008E523F /* WMPlayer.m */ = {isa = PBXFileReference; fileEncoding = 4; lastKnownFileType = sourcecode.c.objc; path = WMPlayer.m; sourceTree = "<group>"; };
		3C94045A1F585396008E523F /* SVIndefiniteAnimatedView.h */ = {isa = PBXFileReference; fileEncoding = 4; lastKnownFileType = sourcecode.c.h; path = SVIndefiniteAnimatedView.h; sourceTree = "<group>"; };
		3C94045B1F585396008E523F /* SVIndefiniteAnimatedView.m */ = {isa = PBXFileReference; fileEncoding = 4; lastKnownFileType = sourcecode.c.objc; path = SVIndefiniteAnimatedView.m; sourceTree = "<group>"; };
		3C94045C1F585396008E523F /* SVProgressHUD-Prefix.pch */ = {isa = PBXFileReference; fileEncoding = 4; lastKnownFileType = sourcecode.c.h; path = "SVProgressHUD-Prefix.pch"; sourceTree = "<group>"; };
		3C94045D1F585396008E523F /* SVProgressHUD.bundle */ = {isa = PBXFileReference; lastKnownFileType = "wrapper.plug-in"; path = SVProgressHUD.bundle; sourceTree = "<group>"; };
		3C94045E1F585396008E523F /* SVProgressHUD.h */ = {isa = PBXFileReference; fileEncoding = 4; lastKnownFileType = sourcecode.c.h; path = SVProgressHUD.h; sourceTree = "<group>"; };
		3C94045F1F585396008E523F /* SVProgressHUD.m */ = {isa = PBXFileReference; fileEncoding = 4; lastKnownFileType = sourcecode.c.objc; path = SVProgressHUD.m; sourceTree = "<group>"; };
		3C9404641F58566F008E523F /* LXNetworkDefines.h */ = {isa = PBXFileReference; fileEncoding = 4; lastKnownFileType = sourcecode.c.h; path = LXNetworkDefines.h; sourceTree = "<group>"; };
		3C9404651F58566F008E523F /* LXNetworkHandler.h */ = {isa = PBXFileReference; fileEncoding = 4; lastKnownFileType = sourcecode.c.h; path = LXNetworkHandler.h; sourceTree = "<group>"; };
		3C9404661F58566F008E523F /* LXNetworkHandler.m */ = {isa = PBXFileReference; fileEncoding = 4; lastKnownFileType = sourcecode.c.objc; path = LXNetworkHandler.m; sourceTree = "<group>"; };
		3C9404671F58566F008E523F /* LXNetworkItem.h */ = {isa = PBXFileReference; fileEncoding = 4; lastKnownFileType = sourcecode.c.h; path = LXNetworkItem.h; sourceTree = "<group>"; };
		3C9404681F58566F008E523F /* LXNetworkItem.m */ = {isa = PBXFileReference; fileEncoding = 4; lastKnownFileType = sourcecode.c.objc; path = LXNetworkItem.m; sourceTree = "<group>"; };
		3C9404691F58566F008E523F /* LXUnityclass.h */ = {isa = PBXFileReference; fileEncoding = 4; lastKnownFileType = sourcecode.c.h; path = LXUnityclass.h; sourceTree = "<group>"; };
		3C94046A1F58566F008E523F /* LXUnityclass.m */ = {isa = PBXFileReference; fileEncoding = 4; lastKnownFileType = sourcecode.c.objc; path = LXUnityclass.m; sourceTree = "<group>"; };
		3C94046F1F585760008E523F /* LXQiniuUploadManger.h */ = {isa = PBXFileReference; fileEncoding = 4; lastKnownFileType = sourcecode.c.h; path = LXQiniuUploadManger.h; sourceTree = "<group>"; };
		3C9404701F585760008E523F /* LXQiniuUploadManger.m */ = {isa = PBXFileReference; fileEncoding = 4; lastKnownFileType = sourcecode.c.objc; path = LXQiniuUploadManger.m; sourceTree = "<group>"; };
		3C9404721F5857B8008E523F /* LXUploadTool.h */ = {isa = PBXFileReference; fileEncoding = 4; lastKnownFileType = sourcecode.c.h; path = LXUploadTool.h; sourceTree = "<group>"; };
		3C9404731F5857B8008E523F /* LXUploadTool.m */ = {isa = PBXFileReference; fileEncoding = 4; lastKnownFileType = sourcecode.c.objc; path = LXUploadTool.m; sourceTree = "<group>"; };
		3CFC4DB51F6B502F00A8B5CC /* EVSForgetPassWordController.h */ = {isa = PBXFileReference; fileEncoding = 4; lastKnownFileType = sourcecode.c.h; path = EVSForgetPassWordController.h; sourceTree = "<group>"; };
		3CFC4DB61F6B502F00A8B5CC /* EVSForgetPassWordController.m */ = {isa = PBXFileReference; fileEncoding = 4; lastKnownFileType = sourcecode.c.objc; path = EVSForgetPassWordController.m; sourceTree = "<group>"; };
		3CFC4DB71F6B502F00A8B5CC /* EVSForgetPassWordController.xib */ = {isa = PBXFileReference; fileEncoding = 4; lastKnownFileType = file.xib; path = EVSForgetPassWordController.xib; sourceTree = "<group>"; };
		3CFC4DB81F6B502F00A8B5CC /* EVSLoginControllerViewController.h */ = {isa = PBXFileReference; fileEncoding = 4; lastKnownFileType = sourcecode.c.h; path = EVSLoginControllerViewController.h; sourceTree = "<group>"; };
		3CFC4DB91F6B502F00A8B5CC /* EVSLoginControllerViewController.m */ = {isa = PBXFileReference; fileEncoding = 4; lastKnownFileType = sourcecode.c.objc; path = EVSLoginControllerViewController.m; sourceTree = "<group>"; };
		3CFC4DBA1F6B502F00A8B5CC /* EVSLoginControllerViewController.xib */ = {isa = PBXFileReference; fileEncoding = 4; lastKnownFileType = file.xib; path = EVSLoginControllerViewController.xib; sourceTree = "<group>"; };
		3CFC4DBB1F6B502F00A8B5CC /* EVSRegisterNextViewController.h */ = {isa = PBXFileReference; fileEncoding = 4; lastKnownFileType = sourcecode.c.h; path = EVSRegisterNextViewController.h; sourceTree = "<group>"; };
		3CFC4DBC1F6B502F00A8B5CC /* EVSRegisterNextViewController.m */ = {isa = PBXFileReference; fileEncoding = 4; lastKnownFileType = sourcecode.c.objc; path = EVSRegisterNextViewController.m; sourceTree = "<group>"; };
		3CFC4DBD1F6B502F00A8B5CC /* EVSRegisterNextViewController.xib */ = {isa = PBXFileReference; fileEncoding = 4; lastKnownFileType = file.xib; path = EVSRegisterNextViewController.xib; sourceTree = "<group>"; };
		3CFC4DBE1F6B502F00A8B5CC /* EVSRegisterViewController.h */ = {isa = PBXFileReference; fileEncoding = 4; lastKnownFileType = sourcecode.c.h; path = EVSRegisterViewController.h; sourceTree = "<group>"; };
		3CFC4DBF1F6B502F00A8B5CC /* EVSRegisterViewController.m */ = {isa = PBXFileReference; fileEncoding = 4; lastKnownFileType = sourcecode.c.objc; path = EVSRegisterViewController.m; sourceTree = "<group>"; };
		3CFC4DC01F6B502F00A8B5CC /* EVSRegisterViewController.xib */ = {isa = PBXFileReference; fileEncoding = 4; lastKnownFileType = file.xib; path = EVSRegisterViewController.xib; sourceTree = "<group>"; };
		3CFC4DC91F6B503B00A8B5CC /* EVSGetIdentifyCodeButton.h */ = {isa = PBXFileReference; fileEncoding = 4; lastKnownFileType = sourcecode.c.h; path = EVSGetIdentifyCodeButton.h; sourceTree = "<group>"; };
		3CFC4DCA1F6B503B00A8B5CC /* EVSGetIdentifyCodeButton.m */ = {isa = PBXFileReference; fileEncoding = 4; lastKnownFileType = sourcecode.c.objc; path = EVSGetIdentifyCodeButton.m; sourceTree = "<group>"; };
		3CFC4DCC1F6C1DAA00A8B5CC /* EVSUserInfoViewController.h */ = {isa = PBXFileReference; fileEncoding = 4; lastKnownFileType = sourcecode.c.h; path = EVSUserInfoViewController.h; sourceTree = "<group>"; };
		3CFC4DCD1F6C1DAA00A8B5CC /* EVSUserInfoViewController.m */ = {isa = PBXFileReference; fileEncoding = 4; lastKnownFileType = sourcecode.c.objc; path = EVSUserInfoViewController.m; sourceTree = "<group>"; };
		3CFC4DCF1F6C20A200A8B5CC /* EVSUserInfoVideoCell.h */ = {isa = PBXFileReference; fileEncoding = 4; lastKnownFileType = sourcecode.c.h; path = EVSUserInfoVideoCell.h; sourceTree = "<group>"; };
		3CFC4DD01F6C20A200A8B5CC /* EVSUserInfoVideoCell.m */ = {isa = PBXFileReference; fileEncoding = 4; lastKnownFileType = sourcecode.c.objc; path = EVSUserInfoVideoCell.m; sourceTree = "<group>"; };
		3CFC4DD11F6C20A200A8B5CC /* EVSUserInfoVideoCell.xib */ = {isa = PBXFileReference; fileEncoding = 4; lastKnownFileType = file.xib; path = EVSUserInfoVideoCell.xib; sourceTree = "<group>"; };
		3CFC4DD41F6CBBD100A8B5CC /* EVSUserInfoHeadView.h */ = {isa = PBXFileReference; fileEncoding = 4; lastKnownFileType = sourcecode.c.h; path = EVSUserInfoHeadView.h; sourceTree = "<group>"; };
		3CFC4DD51F6CBBD100A8B5CC /* EVSUserInfoHeadView.m */ = {isa = PBXFileReference; fileEncoding = 4; lastKnownFileType = sourcecode.c.objc; path = EVSUserInfoHeadView.m; sourceTree = "<group>"; };
		3CFC4DD71F6D03FA00A8B5CC /* EVSCustomTwoLineView.h */ = {isa = PBXFileReference; fileEncoding = 4; lastKnownFileType = sourcecode.c.h; path = EVSCustomTwoLineView.h; sourceTree = "<group>"; };
		3CFC4DD81F6D03FA00A8B5CC /* EVSCustomTwoLineView.m */ = {isa = PBXFileReference; fileEncoding = 4; lastKnownFileType = sourcecode.c.objc; path = EVSCustomTwoLineView.m; sourceTree = "<group>"; };
		3CFC4DDA1F6D2EA400A8B5CC /* LX_Singleton.h */ = {isa = PBXFileReference; fileEncoding = 4; lastKnownFileType = sourcecode.c.h; path = LX_Singleton.h; sourceTree = "<group>"; };
		3CFC4DDB1F6D2ED400A8B5CC /* AppConfig.h */ = {isa = PBXFileReference; fileEncoding = 4; lastKnownFileType = sourcecode.c.h; path = AppConfig.h; sourceTree = "<group>"; };
		3CFC4DDC1F6D2ED400A8B5CC /* AppConfig.m */ = {isa = PBXFileReference; fileEncoding = 4; lastKnownFileType = sourcecode.c.objc; path = AppConfig.m; sourceTree = "<group>"; };
		3CFC4DDE1F6D31A400A8B5CC /* EVSFansListController.h */ = {isa = PBXFileReference; fileEncoding = 4; lastKnownFileType = sourcecode.c.h; path = EVSFansListController.h; sourceTree = "<group>"; };
		3CFC4DDF1F6D31A400A8B5CC /* EVSFansListController.m */ = {isa = PBXFileReference; fileEncoding = 4; lastKnownFileType = sourcecode.c.objc; path = EVSFansListController.m; sourceTree = "<group>"; };
		3CFC4DE11F6D32CC00A8B5CC /* EVSFansOrAttentionCell.h */ = {isa = PBXFileReference; fileEncoding = 4; lastKnownFileType = sourcecode.c.h; path = EVSFansOrAttentionCell.h; sourceTree = "<group>"; };
		3CFC4DE21F6D32CC00A8B5CC /* EVSFansOrAttentionCell.m */ = {isa = PBXFileReference; fileEncoding = 4; lastKnownFileType = sourcecode.c.objc; path = EVSFansOrAttentionCell.m; sourceTree = "<group>"; };
		3CFC4DE31F6D32CC00A8B5CC /* EVSFansOrAttentionCell.xib */ = {isa = PBXFileReference; fileEncoding = 4; lastKnownFileType = file.xib; path = EVSFansOrAttentionCell.xib; sourceTree = "<group>"; };
		3CFC4DE61F6D386600A8B5CC /* EVSAttentionListController.h */ = {isa = PBXFileReference; fileEncoding = 4; lastKnownFileType = sourcecode.c.h; path = EVSAttentionListController.h; sourceTree = "<group>"; };
		3CFC4DE71F6D386600A8B5CC /* EVSAttentionListController.m */ = {isa = PBXFileReference; fileEncoding = 4; lastKnownFileType = sourcecode.c.objc; path = EVSAttentionListController.m; sourceTree = "<group>"; };
		3CFC4DE91F6EBA6000A8B5CC /* LX_Actionsheet.h */ = {isa = PBXFileReference; fileEncoding = 4; lastKnownFileType = sourcecode.c.h; path = LX_Actionsheet.h; sourceTree = "<group>"; };
		3CFC4DEA1F6EBA6000A8B5CC /* LX_Actionsheet.m */ = {isa = PBXFileReference; fileEncoding = 4; lastKnownFileType = sourcecode.c.objc; path = LX_Actionsheet.m; sourceTree = "<group>"; };
		3CFC4DEC1F6EBDD500A8B5CC /* EVSUserVideoListController.h */ = {isa = PBXFileReference; fileEncoding = 4; lastKnownFileType = sourcecode.c.h; path = EVSUserVideoListController.h; sourceTree = "<group>"; };
		3CFC4DED1F6EBDD500A8B5CC /* EVSUserVideoListController.m */ = {isa = PBXFileReference; fileEncoding = 4; lastKnownFileType = sourcecode.c.objc; path = EVSUserVideoListController.m; sourceTree = "<group>"; };
		4ED439BF475D392031E618F4 /* Pods-英语短视频UITests.release.xcconfig */ = {isa = PBXFileReference; includeInIndex = 1; lastKnownFileType = text.xcconfig; name = "Pods-英语短视频UITests.release.xcconfig"; path = "Pods/Target Support Files/Pods-英语短视频UITests/Pods-英语短视频UITests.release.xcconfig"; sourceTree = "<group>"; };
		6E2536A2D9061735EDBCCA92 /* Pods-英语短视频Tests.debug.xcconfig */ = {isa = PBXFileReference; includeInIndex = 1; lastKnownFileType = text.xcconfig; name = "Pods-英语短视频Tests.debug.xcconfig"; path = "Pods/Target Support Files/Pods-英语短视频Tests/Pods-英语短视频Tests.debug.xcconfig"; sourceTree = "<group>"; };
		7D80232750A920C7EAC78F20 /* libPods-英语短视频Tests.a */ = {isa = PBXFileReference; explicitFileType = archive.ar; includeInIndex = 0; path = "libPods-英语短视频Tests.a"; sourceTree = BUILT_PRODUCTS_DIR; };
		AB97A8399A98E576208E0524 /* libPods-英语短视频UITests.a */ = {isa = PBXFileReference; explicitFileType = archive.ar; includeInIndex = 0; path = "libPods-英语短视频UITests.a"; sourceTree = BUILT_PRODUCTS_DIR; };
		B4DFB79C30ECA1DC25D05A0D /* Pods-英语短视频UITests.debug.xcconfig */ = {isa = PBXFileReference; includeInIndex = 1; lastKnownFileType = text.xcconfig; name = "Pods-英语短视频UITests.debug.xcconfig"; path = "Pods/Target Support Files/Pods-英语短视频UITests/Pods-英语短视频UITests.debug.xcconfig"; sourceTree = "<group>"; };
/* End PBXFileReference section */

/* Begin PBXFrameworksBuildPhase section */
		300CAE6F1F4A854F00BB967E /* Frameworks */ = {
			isa = PBXFrameworksBuildPhase;
			buildActionMask = 2147483647;
			files = (
				3B0A0C8D2DE927E4808FE470 /* libPods-英语短视频.a in Frameworks */,
			);
			runOnlyForDeploymentPostprocessing = 0;
		};
		300CAE881F4A854F00BB967E /* Frameworks */ = {
			isa = PBXFrameworksBuildPhase;
			buildActionMask = 2147483647;
			files = (
				BCEBC3CDB90707828A53E326 /* libPods-英语短视频Tests.a in Frameworks */,
			);
			runOnlyForDeploymentPostprocessing = 0;
		};
		300CAE931F4A854F00BB967E /* Frameworks */ = {
			isa = PBXFrameworksBuildPhase;
			buildActionMask = 2147483647;
			files = (
				B9DC5A8CC7AE5692257DE02F /* libPods-英语短视频UITests.a in Frameworks */,
			);
			runOnlyForDeploymentPostprocessing = 0;
		};
/* End PBXFrameworksBuildPhase section */

/* Begin PBXGroup section */
		0ACDEA5D88AF6F683125BC6A /* Pods */ = {
			isa = PBXGroup;
			children = (
				02553FAA982E195D7848E954 /* Pods-英语短视频.debug.xcconfig */,
				2EEE5FDFD7A7A965DCEBE461 /* Pods-英语短视频.release.xcconfig */,
				6E2536A2D9061735EDBCCA92 /* Pods-英语短视频Tests.debug.xcconfig */,
				08DC68B0BBC67D23133894C1 /* Pods-英语短视频Tests.release.xcconfig */,
				B4DFB79C30ECA1DC25D05A0D /* Pods-英语短视频UITests.debug.xcconfig */,
				4ED439BF475D392031E618F4 /* Pods-英语短视频UITests.release.xcconfig */,
			);
			name = Pods;
			sourceTree = "<group>";
		};
		300CAE691F4A854F00BB967E = {
			isa = PBXGroup;
			children = (
				300CAE741F4A854F00BB967E /* 英语短视频 */,
				300CAE8E1F4A854F00BB967E /* 英语短视频Tests */,
				300CAE991F4A854F00BB967E /* 英语短视频UITests */,
				300CAE731F4A854F00BB967E /* Products */,
				0ACDEA5D88AF6F683125BC6A /* Pods */,
				994E0B879E41887E64C83214 /* Frameworks */,
			);
			sourceTree = "<group>";
		};
		300CAE731F4A854F00BB967E /* Products */ = {
			isa = PBXGroup;
			children = (
				300CAE721F4A854F00BB967E /* 英语短视频.app */,
				300CAE8B1F4A854F00BB967E /* 英语短视频Tests.xctest */,
				300CAE961F4A854F00BB967E /* 英语短视频UITests.xctest */,
			);
			name = Products;
			sourceTree = "<group>";
		};
		300CAE741F4A854F00BB967E /* 英语短视频 */ = {
			isa = PBXGroup;
			children = (
				300CAEA91F4A8EF700BB967E /* Classes */,
				300CAE751F4A854F00BB967E /* Supporting Files */,
			);
			path = "英语短视频";
			sourceTree = "<group>";
		};
		300CAE751F4A854F00BB967E /* Supporting Files */ = {
			isa = PBXGroup;
			children = (
				300CAE811F4A854F00BB967E /* Assets.xcassets */,
				300CAE831F4A854F00BB967E /* LaunchScreen.storyboard */,
				300CAE861F4A854F00BB967E /* Info.plist */,
				300CAE761F4A854F00BB967E /* main.m */,
				300CAEA81F4A861C00BB967E /* English_PrefixHeader.pch */,
			);
			name = "Supporting Files";
			sourceTree = "<group>";
		};
		300CAE8E1F4A854F00BB967E /* 英语短视频Tests */ = {
			isa = PBXGroup;
			children = (
				300CAE8F1F4A854F00BB967E /* _____Tests.m */,
				300CAE911F4A854F00BB967E /* Info.plist */,
			);
			path = "英语短视频Tests";
			sourceTree = "<group>";
		};
		300CAE991F4A854F00BB967E /* 英语短视频UITests */ = {
			isa = PBXGroup;
			children = (
				300CAE9A1F4A854F00BB967E /* _____UITests.m */,
				300CAE9C1F4A854F00BB967E /* Info.plist */,
			);
			path = "英语短视频UITests";
			sourceTree = "<group>";
		};
		300CAEA91F4A8EF700BB967E /* Classes */ = {
			isa = PBXGroup;
			children = (
				300CAEAA1F4A8EF700BB967E /* Applegate */,
				300CAEAD1F4A8EF700BB967E /* Extend(扩展) */,
				300CAEB31F4A8EF700BB967E /* Main */,
			);
			path = Classes;
			sourceTree = "<group>";
		};
		300CAEAA1F4A8EF700BB967E /* Applegate */ = {
			isa = PBXGroup;
			children = (
				300CAEAB1F4A8EF700BB967E /* AppDelegate.h */,
				300CAEAC1F4A8EF700BB967E /* AppDelegate.m */,
			);
			path = Applegate;
			sourceTree = "<group>";
		};
		300CAEAD1F4A8EF700BB967E /* Extend(扩展) */ = {
			isa = PBXGroup;
			children = (
				300CAEAE1F4A8EF700BB967E /* Category(分类) */,
				300CAEAF1F4A8EF700BB967E /* Config(配置) */,
				300CAEB01F4A8EF700BB967E /* Const(常量) */,
				300CAEB11F4A8EF700BB967E /* Macros(宏) */,
				300CAEB21F4A8EF700BB967E /* Tools(工具) */,
			);
			path = "Extend(扩展)";
			sourceTree = "<group>";
		};
		300CAEAE1F4A8EF700BB967E /* Category(分类) */ = {
			isa = PBXGroup;
			children = (
				3C94041C1F52A6A3008E523F /* MBProgressHUD+LX_Extention.h */,
				3C94041D1F52A6A3008E523F /* MBProgressHUD+LX_Extention.m */,
				3C94041E1F52A6A3008E523F /* UIViewController+LX_HUD.h */,
				3C94041F1F52A6A3008E523F /* UIViewController+LX_HUD.m */,
				3C9404161F52A66F008E523F /* UIView+LXFrame.h */,
				3C9404171F52A66F008E523F /* UIView+LXFrame.m */,
				3C9404191F52A681008E523F /* UIImage+LX_Extend.h */,
				3C94041A1F52A681008E523F /* UIImage+LX_Extend.m */,
				3C2A3F9F1F5A8BFC00CB8557 /* UIGestureRecognizer+Extention.h */,
				3C2A3FA01F5A8BFC00CB8557 /* UIGestureRecognizer+Extention.m */,
				3C2A3FA81F5ED71F00CB8557 /* UILabel+Extention.h */,
				3C2A3FA91F5ED71F00CB8557 /* UILabel+Extention.m */,
			);
			path = "Category(分类)";
			sourceTree = "<group>";
		};
		300CAEAF1F4A8EF700BB967E /* Config(配置) */ = {
			isa = PBXGroup;
			children = (
				3CFC4DDB1F6D2ED400A8B5CC /* AppConfig.h */,
				3CFC4DDC1F6D2ED400A8B5CC /* AppConfig.m */,
			);
			path = "Config(配置)";
			sourceTree = "<group>";
		};
		300CAEB01F4A8EF700BB967E /* Const(常量) */ = {
			isa = PBXGroup;
			children = (
				3C9404131F52A62E008E523F /* EVSConst.h */,
				3C9404141F52A62E008E523F /* EVSConst.m */,
			);
			path = "Const(常量)";
			sourceTree = "<group>";
		};
		300CAEB11F4A8EF700BB967E /* Macros(宏) */ = {
			isa = PBXGroup;
			children = (
				3CFC4DDA1F6D2EA400A8B5CC /* LX_Singleton.h */,
				300CAED81F4AA76D00BB967E /* EVS_Macro.h */,
				300CAED91F4AA7A200BB967E /* EVS_DefineUrl.h */,
				3C94042C1F52A897008E523F /* EVS_EnumDefines.h */,
			);
			path = "Macros(宏)";
			sourceTree = "<group>";
		};
		300CAEB21F4A8EF700BB967E /* Tools(工具) */ = {
			isa = PBXGroup;
			children = (
				3C2A3F901F5A86AF00CB8557 /* ShareLib */,
				3C9404221F52A6F5008E523F /* ConsoleCheseInput */,
			);
			path = "Tools(工具)";
			sourceTree = "<group>";
		};
		300CAEB31F4A8EF700BB967E /* Main */ = {
			isa = PBXGroup;
			children = (
				3C94043F1F571121008E523F /* ThirdLib(第三方库) */,
				300CAEB81F4A8EF700BB967E /* Mine(我的) */,
				300CAEB41F4A8EF700BB967E /* Home(主页) */,
				300CAECE1F4AA4FC00BB967E /* Service(服务接口) */,
				300CAEBD1F4AA4F100BB967E /* Other(其他) */,
			);
			path = Main;
			sourceTree = "<group>";
		};
		300CAEB41F4A8EF700BB967E /* Home(主页) */ = {
			isa = PBXGroup;
			children = (
				300CAEB51F4A8EF700BB967E /* Controller */,
				300CAEB61F4A8EF700BB967E /* Model */,
				300CAEB71F4A8EF700BB967E /* View */,
			);
			path = "Home(主页)";
			sourceTree = "<group>";
		};
		300CAEB51F4A8EF700BB967E /* Controller */ = {
			isa = PBXGroup;
			children = (
				300CAEDA1F4AA93C00BB967E /* EVSHomeController.h */,
				300CAEDB1F4AA93C00BB967E /* EVSHomeController.m */,
				3C94043C1F530590008E523F /* EVSBaseListController.h */,
				3C94043D1F530590008E523F /* EVSBaseListController.m */,
				3CFC4DCC1F6C1DAA00A8B5CC /* EVSUserInfoViewController.h */,
				3CFC4DCD1F6C1DAA00A8B5CC /* EVSUserInfoViewController.m */,
				3CFC4DDE1F6D31A400A8B5CC /* EVSFansListController.h */,
				3CFC4DDF1F6D31A400A8B5CC /* EVSFansListController.m */,
				3CFC4DE61F6D386600A8B5CC /* EVSAttentionListController.h */,
				3CFC4DE71F6D386600A8B5CC /* EVSAttentionListController.m */,
				3CFC4DEC1F6EBDD500A8B5CC /* EVSUserVideoListController.h */,
				3CFC4DED1F6EBDD500A8B5CC /* EVSUserVideoListController.m */,
				3C2A3FA21F5ECCE000CB8557 /* EVSPlayVideoDetailController.h */,
				3C2A3FA31F5ECCE000CB8557 /* EVSPlayVideoDetailController.m */,
				3C18C19C1F599B81003E7D27 /* EVSearchViewController.h */,
				3C18C19D1F599B81003E7D27 /* EVSearchViewController.m */,
			);
			path = Controller;
			sourceTree = "<group>";
		};
		300CAEB61F4A8EF700BB967E /* Model */ = {
			isa = PBXGroup;
			children = (
			);
			path = Model;
			sourceTree = "<group>";
		};
		300CAEB71F4A8EF700BB967E /* View */ = {
			isa = PBXGroup;
			children = (
				3C2A3FA51F5ED60B00CB8557 /* EVSVideoInfoTitleCell.h */,
				3C2A3FA61F5ED60B00CB8557 /* EVSVideoInfoTitleCell.m */,
				3CFC4DE11F6D32CC00A8B5CC /* EVSFansOrAttentionCell.h */,
				3CFC4DE21F6D32CC00A8B5CC /* EVSFansOrAttentionCell.m */,
				3CFC4DE31F6D32CC00A8B5CC /* EVSFansOrAttentionCell.xib */,
				3CFC4DD41F6CBBD100A8B5CC /* EVSUserInfoHeadView.h */,
				3CFC4DD51F6CBBD100A8B5CC /* EVSUserInfoHeadView.m */,
				3CFC4DD71F6D03FA00A8B5CC /* EVSCustomTwoLineView.h */,
				3CFC4DD81F6D03FA00A8B5CC /* EVSCustomTwoLineView.m */,
				3CFC4DCF1F6C20A200A8B5CC /* EVSUserInfoVideoCell.h */,
				3CFC4DD01F6C20A200A8B5CC /* EVSUserInfoVideoCell.m */,
				3CFC4DD11F6C20A200A8B5CC /* EVSUserInfoVideoCell.xib */,
				3C2A3FAB1F5EE15B00CB8557 /* EVSRecommendVideoCell.h */,
				3C2A3FAC1F5EE15B00CB8557 /* EVSRecommendVideoCell.m */,
				3C2A3FAD1F5EE15B00CB8557 /* EVSRecommendVideoCell.xib */,
				306554501F552D1400427638 /* EVSHomeVideoCell.h */,
				306554511F552D1400427638 /* EVSHomeVideoCell.m */,
			);
			path = View;
			sourceTree = "<group>";
		};
		300CAEB81F4A8EF700BB967E /* Mine(我的) */ = {
			isa = PBXGroup;
			children = (
				300CAEB91F4A8EF700BB967E /* Controller */,
				300CAEBA1F4A8EF700BB967E /* Model */,
				300CAEBB1F4A8EF700BB967E /* View */,
			);
			path = "Mine(我的)";
			sourceTree = "<group>";
		};
		300CAEB91F4A8EF700BB967E /* Controller */ = {
			isa = PBXGroup;
			children = (
				3C49A61A1F4C652F0073CBEA /* EVSMineController.h */,
				3C49A61B1F4C652F0073CBEA /* EVSMineController.m */,
			);
			path = Controller;
			sourceTree = "<group>";
		};
		300CAEBA1F4A8EF700BB967E /* Model */ = {
			isa = PBXGroup;
			children = (
			);
			path = Model;
			sourceTree = "<group>";
		};
		300CAEBB1F4A8EF700BB967E /* View */ = {
			isa = PBXGroup;
			children = (
				3C49A61D1F4C6DFA0073CBEA /* EVS_MineCell.h */,
				3C49A61E1F4C6DFA0073CBEA /* EVS_MineCell.m */,
				3C94042D1F52AFF7008E523F /* EVSMineHeadDelegate.h */,
				3C94040A1F52A3B7008E523F /* EVSMineHeadView.h */,
				3C94040B1F52A3B7008E523F /* EVSMineHeadView.m */,
				3C94040D1F52A56B008E523F /* EVSUserLoginView.h */,
				3C94040E1F52A56B008E523F /* EVSUserLoginView.m */,
				3C9404101F52A582008E523F /* EVSUserAlreadyLoginView.h */,
				3C9404111F52A582008E523F /* EVSUserAlreadyLoginView.m */,
			);
			path = View;
			sourceTree = "<group>";
		};
		300CAEBD1F4AA4F100BB967E /* Other(其他) */ = {
			isa = PBXGroup;
			children = (
				306554491F55226C00427638 /* TdLibConfig(三方配置) */,
				300CAEBE1F4AA4F100BB967E /* Base(基类) */,
				300CAEC21F4AA4F100BB967E /* Guide(引导页) */,
				300CAEC61F4AA4F100BB967E /* Login&Register(登录注册) */,
				300CAECA1F4AA4F100BB967E /* Navgation(导航) */,
			);
			path = "Other(其他)";
			sourceTree = "<group>";
		};
		300CAEBE1F4AA4F100BB967E /* Base(基类) */ = {
			isa = PBXGroup;
			children = (
				3C94042E1F5302B1008E523F /* TitleVcLib */,
				300CAEBF1F4AA4F100BB967E /* Controller */,
				300CAEC01F4AA4F100BB967E /* Model */,
				300CAEC11F4AA4F100BB967E /* View */,
			);
			path = "Base(基类)";
			sourceTree = "<group>";
		};
		300CAEBF1F4AA4F100BB967E /* Controller */ = {
			isa = PBXGroup;
			children = (
				300CAED21F4AA57B00BB967E /* EVSBaseController.h */,
				300CAED31F4AA57B00BB967E /* EVSBaseController.m */,
			);
			path = Controller;
			sourceTree = "<group>";
		};
		300CAEC01F4AA4F100BB967E /* Model */ = {
			isa = PBXGroup;
			children = (
			);
			path = Model;
			sourceTree = "<group>";
		};
		300CAEC11F4AA4F100BB967E /* View */ = {
			isa = PBXGroup;
			children = (
				3CFC4DE91F6EBA6000A8B5CC /* LX_Actionsheet.h */,
				3CFC4DEA1F6EBA6000A8B5CC /* LX_Actionsheet.m */,
				300CAEDD1F4AA9AD00BB967E /* LX_CustomNavBarView.h */,
				300CAEDE1F4AA9AD00BB967E /* LX_CustomNavBarView.m */,
				306554531F552E5300427638 /* EVSCommonButton.h */,
				306554541F552E5300427638 /* EVSCommonButton.m */,
			);
			path = View;
			sourceTree = "<group>";
		};
		300CAEC21F4AA4F100BB967E /* Guide(引导页) */ = {
			isa = PBXGroup;
			children = (
				300CAEC31F4AA4F100BB967E /* Controller */,
				300CAEC41F4AA4F100BB967E /* Model */,
				300CAEC51F4AA4F100BB967E /* View */,
			);
			path = "Guide(引导页)";
			sourceTree = "<group>";
		};
		300CAEC31F4AA4F100BB967E /* Controller */ = {
			isa = PBXGroup;
			children = (
			);
			path = Controller;
			sourceTree = "<group>";
		};
		300CAEC41F4AA4F100BB967E /* Model */ = {
			isa = PBXGroup;
			children = (
			);
			path = Model;
			sourceTree = "<group>";
		};
		300CAEC51F4AA4F100BB967E /* View */ = {
			isa = PBXGroup;
			children = (
			);
			path = View;
			sourceTree = "<group>";
		};
		300CAEC61F4AA4F100BB967E /* Login&Register(登录注册) */ = {
			isa = PBXGroup;
			children = (
				300CAEC71F4AA4F100BB967E /* Controller */,
				300CAEC81F4AA4F100BB967E /* Model */,
				300CAEC91F4AA4F100BB967E /* View */,
			);
			path = "Login&Register(登录注册)";
			sourceTree = "<group>";
		};
		300CAEC71F4AA4F100BB967E /* Controller */ = {
			isa = PBXGroup;
			children = (
				3CFC4DB81F6B502F00A8B5CC /* EVSLoginControllerViewController.h */,
				3CFC4DB91F6B502F00A8B5CC /* EVSLoginControllerViewController.m */,
				3CFC4DBA1F6B502F00A8B5CC /* EVSLoginControllerViewController.xib */,
				3CFC4DBE1F6B502F00A8B5CC /* EVSRegisterViewController.h */,
				3CFC4DBF1F6B502F00A8B5CC /* EVSRegisterViewController.m */,
				3CFC4DC01F6B502F00A8B5CC /* EVSRegisterViewController.xib */,
				3CFC4DBB1F6B502F00A8B5CC /* EVSRegisterNextViewController.h */,
				3CFC4DBC1F6B502F00A8B5CC /* EVSRegisterNextViewController.m */,
				3CFC4DBD1F6B502F00A8B5CC /* EVSRegisterNextViewController.xib */,
				3CFC4DB51F6B502F00A8B5CC /* EVSForgetPassWordController.h */,
				3CFC4DB61F6B502F00A8B5CC /* EVSForgetPassWordController.m */,
				3CFC4DB71F6B502F00A8B5CC /* EVSForgetPassWordController.xib */,
			);
			path = Controller;
			sourceTree = "<group>";
		};
		300CAEC81F4AA4F100BB967E /* Model */ = {
			isa = PBXGroup;
			children = (
			);
			path = Model;
			sourceTree = "<group>";
		};
		300CAEC91F4AA4F100BB967E /* View */ = {
			isa = PBXGroup;
			children = (
				3CFC4DC91F6B503B00A8B5CC /* EVSGetIdentifyCodeButton.h */,
				3CFC4DCA1F6B503B00A8B5CC /* EVSGetIdentifyCodeButton.m */,
			);
			path = View;
			sourceTree = "<group>";
		};
		300CAECA1F4AA4F100BB967E /* Navgation(导航) */ = {
			isa = PBXGroup;
			children = (
				300CAECB1F4AA4F100BB967E /* Controller */,
				300CAECC1F4AA4F100BB967E /* Model */,
				300CAECD1F4AA4F100BB967E /* View */,
			);
			path = "Navgation(导航)";
			sourceTree = "<group>";
		};
		300CAECB1F4AA4F100BB967E /* Controller */ = {
			isa = PBXGroup;
			children = (
				300CAED51F4AA5A000BB967E /* EVSNavgationController.h */,
				300CAED61F4AA5A000BB967E /* EVSNavgationController.m */,
			);
			path = Controller;
			sourceTree = "<group>";
		};
		300CAECC1F4AA4F100BB967E /* Model */ = {
			isa = PBXGroup;
			children = (
			);
			path = Model;
			sourceTree = "<group>";
		};
		300CAECD1F4AA4F100BB967E /* View */ = {
			isa = PBXGroup;
			children = (
			);
			path = View;
			sourceTree = "<group>";
		};
		300CAECE1F4AA4FC00BB967E /* Service(服务接口) */ = {
			isa = PBXGroup;
			children = (
				3C94046E1F585741008E523F /* BaseUploadHelper */,
				3C9404631F58566F008E523F /* BaseServiceLib */,
			);
			path = "Service(服务接口)";
			sourceTree = "<group>";
		};
		306554491F55226C00427638 /* TdLibConfig(三方配置) */ = {
			isa = PBXGroup;
			children = (
				3065544A1F5522BF00427638 /* EVSRefreshHeader.h */,
				3065544B1F5522BF00427638 /* EVSRefreshHeader.m */,
				3065544D1F5522F900427638 /* EVSRefreshFooter.h */,
				3065544E1F5522F900427638 /* EVSRefreshFooter.m */,
			);
			path = "TdLibConfig(三方配置)";
			sourceTree = "<group>";
		};
		3C2A3F901F5A86AF00CB8557 /* ShareLib */ = {
			isa = PBXGroup;
			children = (
				3C2A3F911F5A87AE00CB8557 /* LXShareImage.bundle */,
				3C2A3F931F5A880000CB8557 /* LXShareItem.h */,
				3C2A3F941F5A880000CB8557 /* LXShareItem.m */,
				3C2A3F961F5A882200CB8557 /* LXShareItemCell.h */,
				3C2A3F971F5A882200CB8557 /* LXShareItemCell.m */,
				3C2A3F991F5A883400CB8557 /* LXShareView.h */,
				3C2A3F9A1F5A883400CB8557 /* LXShareView.m */,
			);
			path = ShareLib;
			sourceTree = "<group>";
		};
		3C9404221F52A6F5008E523F /* ConsoleCheseInput */ = {
			isa = PBXGroup;
			children = (
				3C9404231F52A6F5008E523F /* NSArray+HYBUnicodeReadable.h */,
				3C9404241F52A6F5008E523F /* NSArray+HYBUnicodeReadable.m */,
				3C9404251F52A6F5008E523F /* NSDictionary+HYBUnicodeReadable.h */,
				3C9404261F52A6F5008E523F /* NSDictionary+HYBUnicodeReadable.m */,
				3C9404271F52A6F5008E523F /* NSSet+HYBUnicodeReadable.h */,
				3C9404281F52A6F5008E523F /* NSSet+HYBUnicodeReadable.m */,
			);
			path = ConsoleCheseInput;
			sourceTree = "<group>";
		};
		3C94042E1F5302B1008E523F /* TitleVcLib */ = {
			isa = PBXGroup;
			children = (
				3C94042F1F5302CE008E523F /* UIView+Frame.h */,
				3C9404301F5302CE008E523F /* UIView+Frame.m */,
				3C9404311F5302CE008E523F /* YZDisplayTitleLabel.h */,
				3C9404321F5302CE008E523F /* YZDisplayTitleLabel.m */,
				3C9404331F5302CE008E523F /* YZDisplayViewController.h */,
				3C9404341F5302CE008E523F /* YZDisplayViewController.m */,
				3C9404351F5302CE008E523F /* YZDisplayViewHeader.h */,
				3C9404361F5302CE008E523F /* YZFlowLayout.h */,
				3C9404371F5302CE008E523F /* YZFlowLayout.m */,
			);
			path = TitleVcLib;
			sourceTree = "<group>";
		};
		3C94043F1F571121008E523F /* ThirdLib(第三方库) */ = {
			isa = PBXGroup;
			children = (
				3C9404591F585396008E523F /* SVProgressHUD */,
				3C9404401F571121008E523F /* WMPlayer */,
			);
			path = "ThirdLib(第三方库)";
			sourceTree = "<group>";
		};
		3C9404401F571121008E523F /* WMPlayer */ = {
			isa = PBXGroup;
			children = (
				3C9404411F571121008E523F /* View */,
				3C9404471F571121008E523F /* WMPlayer.bundle */,
				3C9404481F571121008E523F /* WMPlayer.h */,
				3C9404491F571121008E523F /* WMPlayer.m */,
			);
			path = WMPlayer;
			sourceTree = "<group>";
		};
		3C9404411F571121008E523F /* View */ = {
			isa = PBXGroup;
			children = (
				3C9404421F571121008E523F /* FastForwardView.h */,
				3C9404431F571121008E523F /* FastForwardView.m */,
				3C9404441F571121008E523F /* FastForwardView.xib */,
				3C9404451F571121008E523F /* WMLightView.h */,
				3C9404461F571121008E523F /* WMLightView.m */,
			);
			path = View;
			sourceTree = "<group>";
		};
		3C9404591F585396008E523F /* SVProgressHUD */ = {
			isa = PBXGroup;
			children = (
				3C94045A1F585396008E523F /* SVIndefiniteAnimatedView.h */,
				3C94045B1F585396008E523F /* SVIndefiniteAnimatedView.m */,
				3C94045C1F585396008E523F /* SVProgressHUD-Prefix.pch */,
				3C94045D1F585396008E523F /* SVProgressHUD.bundle */,
				3C94045E1F585396008E523F /* SVProgressHUD.h */,
				3C94045F1F585396008E523F /* SVProgressHUD.m */,
			);
			path = SVProgressHUD;
			sourceTree = "<group>";
		};
		3C9404631F58566F008E523F /* BaseServiceLib */ = {
			isa = PBXGroup;
			children = (
				3C9404641F58566F008E523F /* LXNetworkDefines.h */,
				3C9404651F58566F008E523F /* LXNetworkHandler.h */,
				3C9404661F58566F008E523F /* LXNetworkHandler.m */,
				3C9404671F58566F008E523F /* LXNetworkItem.h */,
				3C9404681F58566F008E523F /* LXNetworkItem.m */,
				3C9404691F58566F008E523F /* LXUnityclass.h */,
				3C94046A1F58566F008E523F /* LXUnityclass.m */,
			);
			path = BaseServiceLib;
			sourceTree = "<group>";
		};
		3C94046E1F585741008E523F /* BaseUploadHelper */ = {
			isa = PBXGroup;
			children = (
				3C94046F1F585760008E523F /* LXQiniuUploadManger.h */,
				3C9404701F585760008E523F /* LXQiniuUploadManger.m */,
				3C9404721F5857B8008E523F /* LXUploadTool.h */,
				3C9404731F5857B8008E523F /* LXUploadTool.m */,
			);
			path = BaseUploadHelper;
			sourceTree = "<group>";
		};
		994E0B879E41887E64C83214 /* Frameworks */ = {
			isa = PBXGroup;
			children = (
				01AFB97D9427A6EE41B3EE99 /* libPods-英语短视频.a */,
				7D80232750A920C7EAC78F20 /* libPods-英语短视频Tests.a */,
				AB97A8399A98E576208E0524 /* libPods-英语短视频UITests.a */,
			);
			name = Frameworks;
			sourceTree = "<group>";
		};
/* End PBXGroup section */

/* Begin PBXNativeTarget section */
		300CAE711F4A854F00BB967E /* 英语短视频 */ = {
			isa = PBXNativeTarget;
			buildConfigurationList = 300CAE9F1F4A854F00BB967E /* Build configuration list for PBXNativeTarget "英语短视频" */;
			buildPhases = (
				75EC02BDFD9003A955663865 /* [CP] Check Pods Manifest.lock */,
				300CAE6E1F4A854F00BB967E /* Sources */,
				300CAE6F1F4A854F00BB967E /* Frameworks */,
				300CAE701F4A854F00BB967E /* Resources */,
				2BCEA45A84652FE2804BF7FC /* [CP] Embed Pods Frameworks */,
				3A4B37F734462FB5007D1136 /* [CP] Copy Pods Resources */,
			);
			buildRules = (
			);
			dependencies = (
			);
			name = "英语短视频";
			productName = "英语短视频";
			productReference = 300CAE721F4A854F00BB967E /* 英语短视频.app */;
			productType = "com.apple.product-type.application";
		};
		300CAE8A1F4A854F00BB967E /* 英语短视频Tests */ = {
			isa = PBXNativeTarget;
			buildConfigurationList = 300CAEA21F4A854F00BB967E /* Build configuration list for PBXNativeTarget "英语短视频Tests" */;
			buildPhases = (
				9E7C47414A8267D2E5F329CC /* [CP] Check Pods Manifest.lock */,
				300CAE871F4A854F00BB967E /* Sources */,
				300CAE881F4A854F00BB967E /* Frameworks */,
				300CAE891F4A854F00BB967E /* Resources */,
				39F6F380641B27946CB8AA37 /* [CP] Embed Pods Frameworks */,
				E7F71297CFC44879AF6AA58D /* [CP] Copy Pods Resources */,
			);
			buildRules = (
			);
			dependencies = (
				300CAE8D1F4A854F00BB967E /* PBXTargetDependency */,
			);
			name = "英语短视频Tests";
			productName = "英语短视频Tests";
			productReference = 300CAE8B1F4A854F00BB967E /* 英语短视频Tests.xctest */;
			productType = "com.apple.product-type.bundle.unit-test";
		};
		300CAE951F4A854F00BB967E /* 英语短视频UITests */ = {
			isa = PBXNativeTarget;
			buildConfigurationList = 300CAEA51F4A854F00BB967E /* Build configuration list for PBXNativeTarget "英语短视频UITests" */;
			buildPhases = (
				C58DCB7A3C5E54A855F87557 /* [CP] Check Pods Manifest.lock */,
				300CAE921F4A854F00BB967E /* Sources */,
				300CAE931F4A854F00BB967E /* Frameworks */,
				300CAE941F4A854F00BB967E /* Resources */,
				F54285C043A7DBCF312321D8 /* [CP] Embed Pods Frameworks */,
				3C7FAB4C0465BFE9C1F713BD /* [CP] Copy Pods Resources */,
			);
			buildRules = (
			);
			dependencies = (
				300CAE981F4A854F00BB967E /* PBXTargetDependency */,
			);
			name = "英语短视频UITests";
			productName = "英语短视频UITests";
			productReference = 300CAE961F4A854F00BB967E /* 英语短视频UITests.xctest */;
			productType = "com.apple.product-type.bundle.ui-testing";
		};
/* End PBXNativeTarget section */

/* Begin PBXProject section */
		300CAE6A1F4A854F00BB967E /* Project object */ = {
			isa = PBXProject;
			attributes = {
				CLASSPREFIX = EVS;
				LastUpgradeCheck = 0830;
				ORGANIZATIONNAME = "英语短视频";
				TargetAttributes = {
					300CAE711F4A854F00BB967E = {
						CreatedOnToolsVersion = 8.3.3;
						DevelopmentTeam = B9ACLWFRGW;
						ProvisioningStyle = Automatic;
					};
					300CAE8A1F4A854F00BB967E = {
						CreatedOnToolsVersion = 8.3.3;
						DevelopmentTeam = B9ACLWFRGW;
						ProvisioningStyle = Automatic;
						TestTargetID = 300CAE711F4A854F00BB967E;
					};
					300CAE951F4A854F00BB967E = {
						CreatedOnToolsVersion = 8.3.3;
						DevelopmentTeam = B9ACLWFRGW;
						ProvisioningStyle = Automatic;
						TestTargetID = 300CAE711F4A854F00BB967E;
					};
				};
			};
			buildConfigurationList = 300CAE6D1F4A854F00BB967E /* Build configuration list for PBXProject "英语短视频" */;
			compatibilityVersion = "Xcode 3.2";
			developmentRegion = English;
			hasScannedForEncodings = 0;
			knownRegions = (
				en,
				Base,
			);
			mainGroup = 300CAE691F4A854F00BB967E;
			productRefGroup = 300CAE731F4A854F00BB967E /* Products */;
			projectDirPath = "";
			projectRoot = "";
			targets = (
				300CAE711F4A854F00BB967E /* 英语短视频 */,
				300CAE8A1F4A854F00BB967E /* 英语短视频Tests */,
				300CAE951F4A854F00BB967E /* 英语短视频UITests */,
			);
		};
/* End PBXProject section */

/* Begin PBXResourcesBuildPhase section */
		300CAE701F4A854F00BB967E /* Resources */ = {
			isa = PBXResourcesBuildPhase;
			buildActionMask = 2147483647;
			files = (
				3C9404611F585396008E523F /* SVProgressHUD.bundle in Resources */,
				3C2A3F921F5A87AE00CB8557 /* LXShareImage.bundle in Resources */,
				3C94044D1F571121008E523F /* WMPlayer.bundle in Resources */,
				3C2A3FAF1F5EE15B00CB8557 /* EVSRecommendVideoCell.xib in Resources */,
				3CFC4DC21F6B502F00A8B5CC /* EVSForgetPassWordController.xib in Resources */,
				3CFC4DD31F6C20A200A8B5CC /* EVSUserInfoVideoCell.xib in Resources */,
				3CFC4DC61F6B502F00A8B5CC /* EVSRegisterNextViewController.xib in Resources */,
				3CFC4DC81F6B502F00A8B5CC /* EVSRegisterViewController.xib in Resources */,
				300CAE851F4A854F00BB967E /* LaunchScreen.storyboard in Resources */,
				3CFC4DE51F6D32CC00A8B5CC /* EVSFansOrAttentionCell.xib in Resources */,
				300CAE821F4A854F00BB967E /* Assets.xcassets in Resources */,
				3CFC4DC41F6B502F00A8B5CC /* EVSLoginControllerViewController.xib in Resources */,
				3C94044B1F571121008E523F /* FastForwardView.xib in Resources */,
			);
			runOnlyForDeploymentPostprocessing = 0;
		};
		300CAE891F4A854F00BB967E /* Resources */ = {
			isa = PBXResourcesBuildPhase;
			buildActionMask = 2147483647;
			files = (
			);
			runOnlyForDeploymentPostprocessing = 0;
		};
		300CAE941F4A854F00BB967E /* Resources */ = {
			isa = PBXResourcesBuildPhase;
			buildActionMask = 2147483647;
			files = (
			);
			runOnlyForDeploymentPostprocessing = 0;
		};
/* End PBXResourcesBuildPhase section */

/* Begin PBXShellScriptBuildPhase section */
		2BCEA45A84652FE2804BF7FC /* [CP] Embed Pods Frameworks */ = {
			isa = PBXShellScriptBuildPhase;
			buildActionMask = 2147483647;
			files = (
			);
			inputPaths = (
			);
			name = "[CP] Embed Pods Frameworks";
			outputPaths = (
			);
			runOnlyForDeploymentPostprocessing = 0;
			shellPath = /bin/sh;
			shellScript = "\"${SRCROOT}/Pods/Target Support Files/Pods-英语短视频/Pods-英语短视频-frameworks.sh\"\n";
			showEnvVarsInLog = 0;
		};
		39F6F380641B27946CB8AA37 /* [CP] Embed Pods Frameworks */ = {
			isa = PBXShellScriptBuildPhase;
			buildActionMask = 2147483647;
			files = (
			);
			inputPaths = (
			);
			name = "[CP] Embed Pods Frameworks";
			outputPaths = (
			);
			runOnlyForDeploymentPostprocessing = 0;
			shellPath = /bin/sh;
			shellScript = "\"${SRCROOT}/Pods/Target Support Files/Pods-英语短视频Tests/Pods-英语短视频Tests-frameworks.sh\"\n";
			showEnvVarsInLog = 0;
		};
		3A4B37F734462FB5007D1136 /* [CP] Copy Pods Resources */ = {
			isa = PBXShellScriptBuildPhase;
			buildActionMask = 2147483647;
			files = (
			);
			inputPaths = (
			);
			name = "[CP] Copy Pods Resources";
			outputPaths = (
			);
			runOnlyForDeploymentPostprocessing = 0;
			shellPath = /bin/sh;
			shellScript = "\"${SRCROOT}/Pods/Target Support Files/Pods-英语短视频/Pods-英语短视频-resources.sh\"\n";
			showEnvVarsInLog = 0;
		};
		3C7FAB4C0465BFE9C1F713BD /* [CP] Copy Pods Resources */ = {
			isa = PBXShellScriptBuildPhase;
			buildActionMask = 2147483647;
			files = (
			);
			inputPaths = (
			);
			name = "[CP] Copy Pods Resources";
			outputPaths = (
			);
			runOnlyForDeploymentPostprocessing = 0;
			shellPath = /bin/sh;
			shellScript = "\"${SRCROOT}/Pods/Target Support Files/Pods-英语短视频UITests/Pods-英语短视频UITests-resources.sh\"\n";
			showEnvVarsInLog = 0;
		};
		75EC02BDFD9003A955663865 /* [CP] Check Pods Manifest.lock */ = {
			isa = PBXShellScriptBuildPhase;
			buildActionMask = 2147483647;
			files = (
			);
			inputPaths = (
			);
			name = "[CP] Check Pods Manifest.lock";
			outputPaths = (
			);
			runOnlyForDeploymentPostprocessing = 0;
			shellPath = /bin/sh;
			shellScript = "diff \"${PODS_ROOT}/../Podfile.lock\" \"${PODS_ROOT}/Manifest.lock\" > /dev/null\nif [ $? != 0 ] ; then\n    # print error to STDERR\n    echo \"error: The sandbox is not in sync with the Podfile.lock. Run 'pod install' or update your CocoaPods installation.\" >&2\n    exit 1\nfi\n";
			showEnvVarsInLog = 0;
		};
		9E7C47414A8267D2E5F329CC /* [CP] Check Pods Manifest.lock */ = {
			isa = PBXShellScriptBuildPhase;
			buildActionMask = 2147483647;
			files = (
			);
			inputPaths = (
			);
			name = "[CP] Check Pods Manifest.lock";
			outputPaths = (
			);
			runOnlyForDeploymentPostprocessing = 0;
			shellPath = /bin/sh;
			shellScript = "diff \"${PODS_ROOT}/../Podfile.lock\" \"${PODS_ROOT}/Manifest.lock\" > /dev/null\nif [ $? != 0 ] ; then\n    # print error to STDERR\n    echo \"error: The sandbox is not in sync with the Podfile.lock. Run 'pod install' or update your CocoaPods installation.\" >&2\n    exit 1\nfi\n";
			showEnvVarsInLog = 0;
		};
		C58DCB7A3C5E54A855F87557 /* [CP] Check Pods Manifest.lock */ = {
			isa = PBXShellScriptBuildPhase;
			buildActionMask = 2147483647;
			files = (
			);
			inputPaths = (
			);
			name = "[CP] Check Pods Manifest.lock";
			outputPaths = (
			);
			runOnlyForDeploymentPostprocessing = 0;
			shellPath = /bin/sh;
			shellScript = "diff \"${PODS_ROOT}/../Podfile.lock\" \"${PODS_ROOT}/Manifest.lock\" > /dev/null\nif [ $? != 0 ] ; then\n    # print error to STDERR\n    echo \"error: The sandbox is not in sync with the Podfile.lock. Run 'pod install' or update your CocoaPods installation.\" >&2\n    exit 1\nfi\n";
			showEnvVarsInLog = 0;
		};
		E7F71297CFC44879AF6AA58D /* [CP] Copy Pods Resources */ = {
			isa = PBXShellScriptBuildPhase;
			buildActionMask = 2147483647;
			files = (
			);
			inputPaths = (
			);
			name = "[CP] Copy Pods Resources";
			outputPaths = (
			);
			runOnlyForDeploymentPostprocessing = 0;
			shellPath = /bin/sh;
			shellScript = "\"${SRCROOT}/Pods/Target Support Files/Pods-英语短视频Tests/Pods-英语短视频Tests-resources.sh\"\n";
			showEnvVarsInLog = 0;
		};
		F54285C043A7DBCF312321D8 /* [CP] Embed Pods Frameworks */ = {
			isa = PBXShellScriptBuildPhase;
			buildActionMask = 2147483647;
			files = (
			);
			inputPaths = (
			);
			name = "[CP] Embed Pods Frameworks";
			outputPaths = (
			);
			runOnlyForDeploymentPostprocessing = 0;
			shellPath = /bin/sh;
			shellScript = "\"${SRCROOT}/Pods/Target Support Files/Pods-英语短视频UITests/Pods-英语短视频UITests-frameworks.sh\"\n";
			showEnvVarsInLog = 0;
		};
/* End PBXShellScriptBuildPhase section */

/* Begin PBXSourcesBuildPhase section */
		300CAE6E1F4A854F00BB967E /* Sources */ = {
			isa = PBXSourcesBuildPhase;
			buildActionMask = 2147483647;
			files = (
				3C9404211F52A6A3008E523F /* UIViewController+LX_HUD.m in Sources */,
				3C9404181F52A66F008E523F /* UIView+LXFrame.m in Sources */,
				3C94040C1F52A3B7008E523F /* EVSMineHeadView.m in Sources */,
				3C94044E1F571121008E523F /* WMPlayer.m in Sources */,
				3CFC4DC11F6B502F00A8B5CC /* EVSForgetPassWordController.m in Sources */,
				3CFC4DEE1F6EBDD500A8B5CC /* EVSUserVideoListController.m in Sources */,
				3C49A61C1F4C652F0073CBEA /* EVSMineController.m in Sources */,
				3C9404621F585396008E523F /* SVProgressHUD.m in Sources */,
				3CFC4DC31F6B502F00A8B5CC /* EVSLoginControllerViewController.m in Sources */,
				3CFC4DE01F6D31A400A8B5CC /* EVSFansListController.m in Sources */,
				3C9404601F585396008E523F /* SVIndefiniteAnimatedView.m in Sources */,
				300CAED71F4AA5A000BB967E /* EVSNavgationController.m in Sources */,
				3C9404711F585760008E523F /* LXQiniuUploadManger.m in Sources */,
				300CAEDC1F4AA93C00BB967E /* EVSHomeController.m in Sources */,
				3C2A3F9B1F5A883400CB8557 /* LXShareView.m in Sources */,
				3CFC4DCE1F6C1DAA00A8B5CC /* EVSUserInfoViewController.m in Sources */,
				3C94040F1F52A56B008E523F /* EVSUserLoginView.m in Sources */,
				306554551F552E5300427638 /* EVSCommonButton.m in Sources */,
				3CFC4DC51F6B502F00A8B5CC /* EVSRegisterNextViewController.m in Sources */,
				3C9404741F5857B9008E523F /* LXUploadTool.m in Sources */,
				3CFC4DD61F6CBBD100A8B5CC /* EVSUserInfoHeadView.m in Sources */,
				3C2A3F981F5A882200CB8557 /* LXShareItemCell.m in Sources */,
				3CFC4DCB1F6B503B00A8B5CC /* EVSGetIdentifyCodeButton.m in Sources */,
				3C94043B1F5302CE008E523F /* YZFlowLayout.m in Sources */,
				3C94046D1F58566F008E523F /* LXUnityclass.m in Sources */,
				3CFC4DD91F6D03FA00A8B5CC /* EVSCustomTwoLineView.m in Sources */,
				3C2A3FA11F5A8BFC00CB8557 /* UIGestureRecognizer+Extention.m in Sources */,
				300CAED41F4AA57B00BB967E /* EVSBaseController.m in Sources */,
				3C2A3FA41F5ECCE000CB8557 /* EVSPlayVideoDetailController.m in Sources */,
				3C9404381F5302CE008E523F /* UIView+Frame.m in Sources */,
				3CFC4DE41F6D32CC00A8B5CC /* EVSFansOrAttentionCell.m in Sources */,
				3C94044A1F571121008E523F /* FastForwardView.m in Sources */,
				3CFC4DD21F6C20A200A8B5CC /* EVSUserInfoVideoCell.m in Sources */,
				3C9404121F52A582008E523F /* EVSUserAlreadyLoginView.m in Sources */,
				3C2A3FAA1F5ED71F00CB8557 /* UILabel+Extention.m in Sources */,
				3065544F1F5522F900427638 /* EVSRefreshFooter.m in Sources */,
				3CFC4DE81F6D386600A8B5CC /* EVSAttentionListController.m in Sources */,
				300CAEBC1F4A8EF700BB967E /* AppDelegate.m in Sources */,
				3C94041B1F52A681008E523F /* UIImage+LX_Extend.m in Sources */,
				3CFC4DC71F6B502F00A8B5CC /* EVSRegisterViewController.m in Sources */,
				3C94042B1F52A6F5008E523F /* NSSet+HYBUnicodeReadable.m in Sources */,
				3C2A3FA71F5ED60B00CB8557 /* EVSVideoInfoTitleCell.m in Sources */,
				3065544C1F5522BF00427638 /* EVSRefreshHeader.m in Sources */,
				3C9404391F5302CE008E523F /* YZDisplayTitleLabel.m in Sources */,
				3C9404291F52A6F5008E523F /* NSArray+HYBUnicodeReadable.m in Sources */,
				3C94046B1F58566F008E523F /* LXNetworkHandler.m in Sources */,
				3C94046C1F58566F008E523F /* LXNetworkItem.m in Sources */,
				300CAE771F4A854F00BB967E /* main.m in Sources */,
				3CFC4DDD1F6D2ED400A8B5CC /* AppConfig.m in Sources */,
				3C2A3FAE1F5EE15B00CB8557 /* EVSRecommendVideoCell.m in Sources */,
				300CAEDF1F4AA9AD00BB967E /* LX_CustomNavBarView.m in Sources */,
				3C2A3F951F5A880000CB8557 /* LXShareItem.m in Sources */,
				306554521F552D1400427638 /* EVSHomeVideoCell.m in Sources */,
				3C9404151F52A62E008E523F /* EVSConst.m in Sources */,
				3C94043E1F530590008E523F /* EVSBaseListController.m in Sources */,
				3C9404201F52A6A3008E523F /* MBProgressHUD+LX_Extention.m in Sources */,
				3CFC4DEB1F6EBA6000A8B5CC /* LX_Actionsheet.m in Sources */,
				3C94042A1F52A6F5008E523F /* NSDictionary+HYBUnicodeReadable.m in Sources */,
				3C94044C1F571121008E523F /* WMLightView.m in Sources */,
				3C94043A1F5302CE008E523F /* YZDisplayViewController.m in Sources */,
				3C18C19E1F599B81003E7D27 /* EVSearchViewController.m in Sources */,
				3C49A61F1F4C6DFA0073CBEA /* EVS_MineCell.m in Sources */,
			);
			runOnlyForDeploymentPostprocessing = 0;
		};
		300CAE871F4A854F00BB967E /* Sources */ = {
			isa = PBXSourcesBuildPhase;
			buildActionMask = 2147483647;
			files = (
				300CAE901F4A854F00BB967E /* _____Tests.m in Sources */,
			);
			runOnlyForDeploymentPostprocessing = 0;
		};
		300CAE921F4A854F00BB967E /* Sources */ = {
			isa = PBXSourcesBuildPhase;
			buildActionMask = 2147483647;
			files = (
				300CAE9B1F4A854F00BB967E /* _____UITests.m in Sources */,
			);
			runOnlyForDeploymentPostprocessing = 0;
		};
/* End PBXSourcesBuildPhase section */

/* Begin PBXTargetDependency section */
		300CAE8D1F4A854F00BB967E /* PBXTargetDependency */ = {
			isa = PBXTargetDependency;
			target = 300CAE711F4A854F00BB967E /* 英语短视频 */;
			targetProxy = 300CAE8C1F4A854F00BB967E /* PBXContainerItemProxy */;
		};
		300CAE981F4A854F00BB967E /* PBXTargetDependency */ = {
			isa = PBXTargetDependency;
			target = 300CAE711F4A854F00BB967E /* 英语短视频 */;
			targetProxy = 300CAE971F4A854F00BB967E /* PBXContainerItemProxy */;
		};
/* End PBXTargetDependency section */

/* Begin PBXVariantGroup section */
		300CAE831F4A854F00BB967E /* LaunchScreen.storyboard */ = {
			isa = PBXVariantGroup;
			children = (
				300CAE841F4A854F00BB967E /* Base */,
			);
			name = LaunchScreen.storyboard;
			sourceTree = "<group>";
		};
/* End PBXVariantGroup section */

/* Begin XCBuildConfiguration section */
		300CAE9D1F4A854F00BB967E /* Debug */ = {
			isa = XCBuildConfiguration;
			buildSettings = {
				ALWAYS_SEARCH_USER_PATHS = NO;
				CLANG_ANALYZER_NONNULL = YES;
				CLANG_ANALYZER_NUMBER_OBJECT_CONVERSION = YES_AGGRESSIVE;
				CLANG_CXX_LANGUAGE_STANDARD = "gnu++0x";
				CLANG_CXX_LIBRARY = "libc++";
				CLANG_ENABLE_MODULES = YES;
				CLANG_ENABLE_OBJC_ARC = YES;
				CLANG_WARN_BOOL_CONVERSION = YES;
				CLANG_WARN_CONSTANT_CONVERSION = YES;
				CLANG_WARN_DIRECT_OBJC_ISA_USAGE = YES_ERROR;
				CLANG_WARN_DOCUMENTATION_COMMENTS = YES;
				CLANG_WARN_EMPTY_BODY = YES;
				CLANG_WARN_ENUM_CONVERSION = YES;
				CLANG_WARN_INFINITE_RECURSION = YES;
				CLANG_WARN_INT_CONVERSION = YES;
				CLANG_WARN_OBJC_ROOT_CLASS = YES_ERROR;
				CLANG_WARN_SUSPICIOUS_MOVE = YES;
				CLANG_WARN_UNREACHABLE_CODE = YES;
				CLANG_WARN__DUPLICATE_METHOD_MATCH = YES;
				"CODE_SIGN_IDENTITY[sdk=iphoneos*]" = "iPhone Developer";
				COPY_PHASE_STRIP = NO;
				DEBUG_INFORMATION_FORMAT = dwarf;
				ENABLE_STRICT_OBJC_MSGSEND = YES;
				ENABLE_TESTABILITY = YES;
				GCC_C_LANGUAGE_STANDARD = gnu99;
				GCC_DYNAMIC_NO_PIC = NO;
				GCC_NO_COMMON_BLOCKS = YES;
				GCC_OPTIMIZATION_LEVEL = 0;
				GCC_PREPROCESSOR_DEFINITIONS = (
					"DEBUG=1",
					"$(inherited)",
				);
				GCC_WARN_64_TO_32_BIT_CONVERSION = YES;
				GCC_WARN_ABOUT_RETURN_TYPE = YES_ERROR;
				GCC_WARN_UNDECLARED_SELECTOR = YES;
				GCC_WARN_UNINITIALIZED_AUTOS = YES_AGGRESSIVE;
				GCC_WARN_UNUSED_FUNCTION = YES;
				GCC_WARN_UNUSED_VARIABLE = YES;
				IPHONEOS_DEPLOYMENT_TARGET = 10.3;
				MTL_ENABLE_DEBUG_INFO = YES;
				ONLY_ACTIVE_ARCH = YES;
				SDKROOT = iphoneos;
				TARGETED_DEVICE_FAMILY = "1,2";
			};
			name = Debug;
		};
		300CAE9E1F4A854F00BB967E /* Release */ = {
			isa = XCBuildConfiguration;
			buildSettings = {
				ALWAYS_SEARCH_USER_PATHS = NO;
				CLANG_ANALYZER_NONNULL = YES;
				CLANG_ANALYZER_NUMBER_OBJECT_CONVERSION = YES_AGGRESSIVE;
				CLANG_CXX_LANGUAGE_STANDARD = "gnu++0x";
				CLANG_CXX_LIBRARY = "libc++";
				CLANG_ENABLE_MODULES = YES;
				CLANG_ENABLE_OBJC_ARC = YES;
				CLANG_WARN_BOOL_CONVERSION = YES;
				CLANG_WARN_CONSTANT_CONVERSION = YES;
				CLANG_WARN_DIRECT_OBJC_ISA_USAGE = YES_ERROR;
				CLANG_WARN_DOCUMENTATION_COMMENTS = YES;
				CLANG_WARN_EMPTY_BODY = YES;
				CLANG_WARN_ENUM_CONVERSION = YES;
				CLANG_WARN_INFINITE_RECURSION = YES;
				CLANG_WARN_INT_CONVERSION = YES;
				CLANG_WARN_OBJC_ROOT_CLASS = YES_ERROR;
				CLANG_WARN_SUSPICIOUS_MOVE = YES;
				CLANG_WARN_UNREACHABLE_CODE = YES;
				CLANG_WARN__DUPLICATE_METHOD_MATCH = YES;
				"CODE_SIGN_IDENTITY[sdk=iphoneos*]" = "iPhone Developer";
				COPY_PHASE_STRIP = NO;
				DEBUG_INFORMATION_FORMAT = "dwarf-with-dsym";
				ENABLE_NS_ASSERTIONS = NO;
				ENABLE_STRICT_OBJC_MSGSEND = YES;
				GCC_C_LANGUAGE_STANDARD = gnu99;
				GCC_NO_COMMON_BLOCKS = YES;
				GCC_WARN_64_TO_32_BIT_CONVERSION = YES;
				GCC_WARN_ABOUT_RETURN_TYPE = YES_ERROR;
				GCC_WARN_UNDECLARED_SELECTOR = YES;
				GCC_WARN_UNINITIALIZED_AUTOS = YES_AGGRESSIVE;
				GCC_WARN_UNUSED_FUNCTION = YES;
				GCC_WARN_UNUSED_VARIABLE = YES;
				IPHONEOS_DEPLOYMENT_TARGET = 10.3;
				MTL_ENABLE_DEBUG_INFO = NO;
				SDKROOT = iphoneos;
				TARGETED_DEVICE_FAMILY = "1,2";
				VALIDATE_PRODUCT = YES;
			};
			name = Release;
		};
		300CAEA01F4A854F00BB967E /* Debug */ = {
			isa = XCBuildConfiguration;
			baseConfigurationReference = 02553FAA982E195D7848E954 /* Pods-英语短视频.debug.xcconfig */;
			buildSettings = {
				ASSETCATALOG_COMPILER_APPICON_NAME = AppIcon;
				DEVELOPMENT_TEAM = B9ACLWFRGW;
				GCC_PREFIX_HEADER = "英语短视频/English_PrefixHeader.pch";
				INFOPLIST_FILE = "英语短视频/Info.plist";
				IPHONEOS_DEPLOYMENT_TARGET = 8.0;
				LD_RUNPATH_SEARCH_PATHS = "$(inherited) @executable_path/Frameworks";
				PRODUCT_BUNDLE_IDENTIFIER = com.ishow.learnVedioEnglish.Dev;
				PRODUCT_NAME = "$(TARGET_NAME)";
			};
			name = Debug;
		};
		300CAEA11F4A854F00BB967E /* Release */ = {
			isa = XCBuildConfiguration;
			baseConfigurationReference = 2EEE5FDFD7A7A965DCEBE461 /* Pods-英语短视频.release.xcconfig */;
			buildSettings = {
				ASSETCATALOG_COMPILER_APPICON_NAME = AppIcon;
				DEVELOPMENT_TEAM = B9ACLWFRGW;
				GCC_PREFIX_HEADER = "英语短视频/English_PrefixHeader.pch";
				INFOPLIST_FILE = "英语短视频/Info.plist";
				IPHONEOS_DEPLOYMENT_TARGET = 8.0;
				LD_RUNPATH_SEARCH_PATHS = "$(inherited) @executable_path/Frameworks";
				PRODUCT_BUNDLE_IDENTIFIER = com.ishow.learnVedioEnglish.Dev;
				PRODUCT_NAME = "$(TARGET_NAME)";
			};
			name = Release;
		};
		300CAEA31F4A854F00BB967E /* Debug */ = {
			isa = XCBuildConfiguration;
			baseConfigurationReference = 6E2536A2D9061735EDBCCA92 /* Pods-英语短视频Tests.debug.xcconfig */;
			buildSettings = {
				BUNDLE_LOADER = "$(TEST_HOST)";
				DEVELOPMENT_TEAM = B9ACLWFRGW;
				INFOPLIST_FILE = "英语短视频Tests/Info.plist";
				LD_RUNPATH_SEARCH_PATHS = "$(inherited) @executable_path/Frameworks @loader_path/Frameworks";
				PRODUCT_BUNDLE_IDENTIFIER = "com.ishow.learnVedioEnglish.-----Tests";
				PRODUCT_NAME = "$(TARGET_NAME)";
				TEST_HOST = "$(BUILT_PRODUCTS_DIR)/英语短视频.app/英语短视频";
			};
			name = Debug;
		};
		300CAEA41F4A854F00BB967E /* Release */ = {
			isa = XCBuildConfiguration;
			baseConfigurationReference = 08DC68B0BBC67D23133894C1 /* Pods-英语短视频Tests.release.xcconfig */;
			buildSettings = {
				BUNDLE_LOADER = "$(TEST_HOST)";
				DEVELOPMENT_TEAM = B9ACLWFRGW;
				INFOPLIST_FILE = "英语短视频Tests/Info.plist";
				LD_RUNPATH_SEARCH_PATHS = "$(inherited) @executable_path/Frameworks @loader_path/Frameworks";
				PRODUCT_BUNDLE_IDENTIFIER = "com.ishow.learnVedioEnglish.-----Tests";
				PRODUCT_NAME = "$(TARGET_NAME)";
				TEST_HOST = "$(BUILT_PRODUCTS_DIR)/英语短视频.app/英语短视频";
			};
			name = Release;
		};
		300CAEA61F4A854F00BB967E /* Debug */ = {
			isa = XCBuildConfiguration;
			baseConfigurationReference = B4DFB79C30ECA1DC25D05A0D /* Pods-英语短视频UITests.debug.xcconfig */;
			buildSettings = {
				DEVELOPMENT_TEAM = B9ACLWFRGW;
				INFOPLIST_FILE = "英语短视频UITests/Info.plist";
				LD_RUNPATH_SEARCH_PATHS = "$(inherited) @executable_path/Frameworks @loader_path/Frameworks";
				PRODUCT_BUNDLE_IDENTIFIER = "com.ishow.learnVedioEnglish.-----UITests";
				PRODUCT_NAME = "$(TARGET_NAME)";
				TEST_TARGET_NAME = "英语短视频";
			};
			name = Debug;
		};
		300CAEA71F4A854F00BB967E /* Release */ = {
			isa = XCBuildConfiguration;
			baseConfigurationReference = 4ED439BF475D392031E618F4 /* Pods-英语短视频UITests.release.xcconfig */;
			buildSettings = {
				DEVELOPMENT_TEAM = B9ACLWFRGW;
				INFOPLIST_FILE = "英语短视频UITests/Info.plist";
				LD_RUNPATH_SEARCH_PATHS = "$(inherited) @executable_path/Frameworks @loader_path/Frameworks";
				PRODUCT_BUNDLE_IDENTIFIER = "com.ishow.learnVedioEnglish.-----UITests";
				PRODUCT_NAME = "$(TARGET_NAME)";
				TEST_TARGET_NAME = "英语短视频";
			};
			name = Release;
		};
/* End XCBuildConfiguration section */

/* Begin XCConfigurationList section */
		300CAE6D1F4A854F00BB967E /* Build configuration list for PBXProject "英语短视频" */ = {
			isa = XCConfigurationList;
			buildConfigurations = (
				300CAE9D1F4A854F00BB967E /* Debug */,
				300CAE9E1F4A854F00BB967E /* Release */,
			);
			defaultConfigurationIsVisible = 0;
			defaultConfigurationName = Release;
		};
		300CAE9F1F4A854F00BB967E /* Build configuration list for PBXNativeTarget "英语短视频" */ = {
			isa = XCConfigurationList;
			buildConfigurations = (
				300CAEA01F4A854F00BB967E /* Debug */,
				300CAEA11F4A854F00BB967E /* Release */,
			);
			defaultConfigurationIsVisible = 0;
			defaultConfigurationName = Release;
		};
		300CAEA21F4A854F00BB967E /* Build configuration list for PBXNativeTarget "英语短视频Tests" */ = {
			isa = XCConfigurationList;
			buildConfigurations = (
				300CAEA31F4A854F00BB967E /* Debug */,
				300CAEA41F4A854F00BB967E /* Release */,
			);
			defaultConfigurationIsVisible = 0;
			defaultConfigurationName = Release;
		};
		300CAEA51F4A854F00BB967E /* Build configuration list for PBXNativeTarget "英语短视频UITests" */ = {
			isa = XCConfigurationList;
			buildConfigurations = (
				300CAEA61F4A854F00BB967E /* Debug */,
				300CAEA71F4A854F00BB967E /* Release */,
			);
			defaultConfigurationIsVisible = 0;
			defaultConfigurationName = Release;
		};
/* End XCConfigurationList section */
	};
	rootObject = 300CAE6A1F4A854F00BB967E /* Project object */;
}
